// !$*UTF8*$!
{
	archiveVersion = 1;
	classes = {
	};
	objectVersion = 56;
	objects = {

/* Begin PBXBuildFile section */
		052977312BF627D6001C6679 /* RestaurantListTableViewCell.swift in Sources */ = {isa = PBXBuildFile; fileRef = 052977302BF627D6001C6679 /* RestaurantListTableViewCell.swift */; };
		0598D6F32BF716CE00425F46 /* MyOrdersTableViewController.swift in Sources */ = {isa = PBXBuildFile; fileRef = 0598D6F22BF716CE00425F46 /* MyOrdersTableViewController.swift */; };
		0598D6F72BF71AA400425F46 /* OrdersTableViewCell.swift in Sources */ = {isa = PBXBuildFile; fileRef = 0598D6F62BF71AA400425F46 /* OrdersTableViewCell.swift */; };
		05A7EF9F2BF61A5F0064E909 /* RestaurantTableViewController.swift in Sources */ = {isa = PBXBuildFile; fileRef = 05A7EF9E2BF61A5F0064E909 /* RestaurantTableViewController.swift */; };
		05AFDB882BF60FB500878F68 /* Favourites.storyboard in Resources */ = {isa = PBXBuildFile; fileRef = 05AFDB872BF60FB500878F68 /* Favourites.storyboard */; };
		05AFDB8A2BF6100A00878F68 /* MyOrders.storyboard in Resources */ = {isa = PBXBuildFile; fileRef = 05AFDB892BF6100A00878F68 /* MyOrders.storyboard */; };
		05AFDB8C2BF6105F00878F68 /* Restaurants.storyboard in Resources */ = {isa = PBXBuildFile; fileRef = 05AFDB8B2BF6105F00878F68 /* Restaurants.storyboard */; };
		05AFDB8E2BF6115C00878F68 /* Profile.storyboard in Resources */ = {isa = PBXBuildFile; fileRef = 05AFDB8D2BF6115C00878F68 /* Profile.storyboard */; };
		05AFDB902BF6166A00878F68 /* ProfileViewController.swift in Sources */ = {isa = PBXBuildFile; fileRef = 05AFDB8F2BF6166A00878F68 /* ProfileViewController.swift */; };
		05AFDB942BF616A700878F68 /* FavouritesViewController.swift in Sources */ = {isa = PBXBuildFile; fileRef = 05AFDB932BF616A700878F68 /* FavouritesViewController.swift */; };
		05C93BC82BDF4CCA0035FA61 /* AppDelegate.swift in Sources */ = {isa = PBXBuildFile; fileRef = 05C93BC72BDF4CCA0035FA61 /* AppDelegate.swift */; };
		05C93BCA2BDF4CCA0035FA61 /* SceneDelegate.swift in Sources */ = {isa = PBXBuildFile; fileRef = 05C93BC92BDF4CCA0035FA61 /* SceneDelegate.swift */; };
		05C93BCC2BDF4CCA0035FA61 /* ViewController.swift in Sources */ = {isa = PBXBuildFile; fileRef = 05C93BCB2BDF4CCA0035FA61 /* ViewController.swift */; };
		05C93BCF2BDF4CCA0035FA61 /* Main.storyboard in Resources */ = {isa = PBXBuildFile; fileRef = 05C93BCD2BDF4CCA0035FA61 /* Main.storyboard */; };
		05C93BD12BDF4CCB0035FA61 /* Assets.xcassets in Resources */ = {isa = PBXBuildFile; fileRef = 05C93BD02BDF4CCB0035FA61 /* Assets.xcassets */; };
		05E4608D2BF4D33600E0108C /* Restaurant.swift in Sources */ = {isa = PBXBuildFile; fileRef = 05E4608C2BF4D33600E0108C /* Restaurant.swift */; };
/* End PBXBuildFile section */

/* Begin PBXFileReference section */
		052977302BF627D6001C6679 /* RestaurantListTableViewCell.swift */ = {isa = PBXFileReference; lastKnownFileType = sourcecode.swift; path = RestaurantListTableViewCell.swift; sourceTree = "<group>"; };
		0598D6F22BF716CE00425F46 /* MyOrdersTableViewController.swift */ = {isa = PBXFileReference; lastKnownFileType = sourcecode.swift; path = MyOrdersTableViewController.swift; sourceTree = "<group>"; };
		0598D6F62BF71AA400425F46 /* OrdersTableViewCell.swift */ = {isa = PBXFileReference; lastKnownFileType = sourcecode.swift; path = OrdersTableViewCell.swift; sourceTree = "<group>"; };
		05A7EF9E2BF61A5F0064E909 /* RestaurantTableViewController.swift */ = {isa = PBXFileReference; lastKnownFileType = sourcecode.swift; path = RestaurantTableViewController.swift; sourceTree = "<group>"; };
		05AFDB872BF60FB500878F68 /* Favourites.storyboard */ = {isa = PBXFileReference; lastKnownFileType = file.storyboard; path = Favourites.storyboard; sourceTree = "<group>"; };
		05AFDB892BF6100A00878F68 /* MyOrders.storyboard */ = {isa = PBXFileReference; lastKnownFileType = file.storyboard; path = MyOrders.storyboard; sourceTree = "<group>"; };
		05AFDB8B2BF6105F00878F68 /* Restaurants.storyboard */ = {isa = PBXFileReference; lastKnownFileType = file.storyboard; path = Restaurants.storyboard; sourceTree = "<group>"; };
		05AFDB8D2BF6115C00878F68 /* Profile.storyboard */ = {isa = PBXFileReference; lastKnownFileType = file.storyboard; path = Profile.storyboard; sourceTree = "<group>"; };
		05AFDB8F2BF6166A00878F68 /* ProfileViewController.swift */ = {isa = PBXFileReference; lastKnownFileType = sourcecode.swift; path = ProfileViewController.swift; sourceTree = "<group>"; };
		05AFDB932BF616A700878F68 /* FavouritesViewController.swift */ = {isa = PBXFileReference; lastKnownFileType = sourcecode.swift; path = FavouritesViewController.swift; sourceTree = "<group>"; };
		05C93BC42BDF4CCA0035FA61 /* QueueSkipper.app */ = {isa = PBXFileReference; explicitFileType = wrapper.application; includeInIndex = 0; path = QueueSkipper.app; sourceTree = BUILT_PRODUCTS_DIR; };
		05C93BC72BDF4CCA0035FA61 /* AppDelegate.swift */ = {isa = PBXFileReference; lastKnownFileType = sourcecode.swift; path = AppDelegate.swift; sourceTree = "<group>"; };
		05C93BC92BDF4CCA0035FA61 /* SceneDelegate.swift */ = {isa = PBXFileReference; lastKnownFileType = sourcecode.swift; path = SceneDelegate.swift; sourceTree = "<group>"; };
		05C93BCB2BDF4CCA0035FA61 /* ViewController.swift */ = {isa = PBXFileReference; lastKnownFileType = sourcecode.swift; path = ViewController.swift; sourceTree = "<group>"; };
		05C93BCE2BDF4CCA0035FA61 /* Base */ = {isa = PBXFileReference; lastKnownFileType = file.storyboard; name = Base; path = Base.lproj/Main.storyboard; sourceTree = "<group>"; };
		05C93BD02BDF4CCB0035FA61 /* Assets.xcassets */ = {isa = PBXFileReference; lastKnownFileType = folder.assetcatalog; path = Assets.xcassets; sourceTree = "<group>"; };
		05C93BD52BDF4CCB0035FA61 /* Info.plist */ = {isa = PBXFileReference; lastKnownFileType = text.plist.xml; path = Info.plist; sourceTree = "<group>"; };
		05E4608C2BF4D33600E0108C /* Restaurant.swift */ = {isa = PBXFileReference; lastKnownFileType = sourcecode.swift; path = Restaurant.swift; sourceTree = "<group>"; };
/* End PBXFileReference section */

/* Begin PBXFrameworksBuildPhase section */
		05C93BC12BDF4CCA0035FA61 /* Frameworks */ = {
			isa = PBXFrameworksBuildPhase;
			buildActionMask = 2147483647;
			files = (
			);
			runOnlyForDeploymentPostprocessing = 0;
		};
/* End PBXFrameworksBuildPhase section */

/* Begin PBXGroup section */
		05C93BBB2BDF4CCA0035FA61 = {
			isa = PBXGroup;
			children = (
				05C93BC62BDF4CCA0035FA61 /* QueueSkipper */,
				05C93BC52BDF4CCA0035FA61 /* Products */,
			);
			sourceTree = "<group>";
		};
		05C93BC52BDF4CCA0035FA61 /* Products */ = {
			isa = PBXGroup;
			children = (
				05C93BC42BDF4CCA0035FA61 /* QueueSkipper.app */,
			);
			name = Products;
			sourceTree = "<group>";
		};
		05C93BC62BDF4CCA0035FA61 /* QueueSkipper */ = {
			isa = PBXGroup;
			children = (
				05C93BC72BDF4CCA0035FA61 /* AppDelegate.swift */,
				05E4608C2BF4D33600E0108C /* Restaurant.swift */,
				05C93BC92BDF4CCA0035FA61 /* SceneDelegate.swift */,
				05C93BCB2BDF4CCA0035FA61 /* ViewController.swift */,
				05C93BCD2BDF4CCA0035FA61 /* Main.storyboard */,
				05AFDB8B2BF6105F00878F68 /* Restaurants.storyboard */,
				052977302BF627D6001C6679 /* RestaurantListTableViewCell.swift */,
				05A7EF9E2BF61A5F0064E909 /* RestaurantTableViewController.swift */,
				05AFDB8D2BF6115C00878F68 /* Profile.storyboard */,
				05AFDB8F2BF6166A00878F68 /* ProfileViewController.swift */,
				05AFDB892BF6100A00878F68 /* MyOrders.storyboard */,
				0598D6F62BF71AA400425F46 /* OrdersTableViewCell.swift */,
				0598D6F22BF716CE00425F46 /* MyOrdersTableViewController.swift */,
				05AFDB872BF60FB500878F68 /* Favourites.storyboard */,
				05AFDB932BF616A700878F68 /* FavouritesViewController.swift */,
				05C93BD02BDF4CCB0035FA61 /* Assets.xcassets */,
				05C93BD52BDF4CCB0035FA61 /* Info.plist */,
			);
			path = QueueSkipper;
			sourceTree = "<group>";
		};
/* End PBXGroup section */

/* Begin PBXNativeTarget section */
		05C93BC32BDF4CCA0035FA61 /* QueueSkipper */ = {
			isa = PBXNativeTarget;
			buildConfigurationList = 05C93BD82BDF4CCB0035FA61 /* Build configuration list for PBXNativeTarget "QueueSkipper" */;
			buildPhases = (
				05C93BC02BDF4CCA0035FA61 /* Sources */,
				05C93BC12BDF4CCA0035FA61 /* Frameworks */,
				05C93BC22BDF4CCA0035FA61 /* Resources */,
			);
			buildRules = (
			);
			dependencies = (
			);
			name = QueueSkipper;
			productName = QueueSkipper;
			productReference = 05C93BC42BDF4CCA0035FA61 /* QueueSkipper.app */;
			productType = "com.apple.product-type.application";
		};
/* End PBXNativeTarget section */

/* Begin PBXProject section */
		05C93BBC2BDF4CCA0035FA61 /* Project object */ = {
			isa = PBXProject;
			attributes = {
				BuildIndependentTargetsInParallel = 1;
				LastSwiftUpdateCheck = 1520;
				LastUpgradeCheck = 1520;
				TargetAttributes = {
					05C93BC32BDF4CCA0035FA61 = {
						CreatedOnToolsVersion = 15.2;
					};
				};
			};
			buildConfigurationList = 05C93BBF2BDF4CCA0035FA61 /* Build configuration list for PBXProject "QueueSkipper" */;
			compatibilityVersion = "Xcode 14.0";
			developmentRegion = en;
			hasScannedForEncodings = 0;
			knownRegions = (
				en,
				Base,
			);
			mainGroup = 05C93BBB2BDF4CCA0035FA61;
			productRefGroup = 05C93BC52BDF4CCA0035FA61 /* Products */;
			projectDirPath = "";
			projectRoot = "";
			targets = (
				05C93BC32BDF4CCA0035FA61 /* QueueSkipper */,
			);
		};
/* End PBXProject section */

/* Begin PBXResourcesBuildPhase section */
		05C93BC22BDF4CCA0035FA61 /* Resources */ = {
			isa = PBXResourcesBuildPhase;
			buildActionMask = 2147483647;
			files = (
				05AFDB8E2BF6115C00878F68 /* Profile.storyboard in Resources */,
				05C93BD12BDF4CCB0035FA61 /* Assets.xcassets in Resources */,
				05C93BCF2BDF4CCA0035FA61 /* Main.storyboard in Resources */,
				05AFDB8C2BF6105F00878F68 /* Restaurants.storyboard in Resources */,
				05AFDB882BF60FB500878F68 /* Favourites.storyboard in Resources */,
				05AFDB8A2BF6100A00878F68 /* MyOrders.storyboard in Resources */,
			);
			runOnlyForDeploymentPostprocessing = 0;
		};
/* End PBXResourcesBuildPhase section */

/* Begin PBXSourcesBuildPhase section */
		05C93BC02BDF4CCA0035FA61 /* Sources */ = {
			isa = PBXSourcesBuildPhase;
			buildActionMask = 2147483647;
			files = (
				05C93BCC2BDF4CCA0035FA61 /* ViewController.swift in Sources */,
				05C93BC82BDF4CCA0035FA61 /* AppDelegate.swift in Sources */,
				05AFDB902BF6166A00878F68 /* ProfileViewController.swift in Sources */,
				0598D6F32BF716CE00425F46 /* MyOrdersTableViewController.swift in Sources */,
				05C93BCA2BDF4CCA0035FA61 /* SceneDelegate.swift in Sources */,
				052977312BF627D6001C6679 /* RestaurantListTableViewCell.swift in Sources */,
				05AFDB942BF616A700878F68 /* FavouritesViewController.swift in Sources */,
				05A7EF9F2BF61A5F0064E909 /* RestaurantTableViewController.swift in Sources */,
				0598D6F72BF71AA400425F46 /* OrdersTableViewCell.swift in Sources */,
				05E4608D2BF4D33600E0108C /* Restaurant.swift in Sources */,
			);
			runOnlyForDeploymentPostprocessing = 0;
		};
/* End PBXSourcesBuildPhase section */

/* Begin PBXVariantGroup section */
		05C93BCD2BDF4CCA0035FA61 /* Main.storyboard */ = {
			isa = PBXVariantGroup;
			children = (
				05C93BCE2BDF4CCA0035FA61 /* Base */,
			);
			name = Main.storyboard;
			sourceTree = "<group>";
		};
/* End PBXVariantGroup section */

/* Begin XCBuildConfiguration section */
		05C93BD62BDF4CCB0035FA61 /* Debug */ = {
			isa = XCBuildConfiguration;
			buildSettings = {
				ALWAYS_SEARCH_USER_PATHS = NO;
				ASSETCATALOG_COMPILER_GENERATE_SWIFT_ASSET_SYMBOL_EXTENSIONS = YES;
				CLANG_ANALYZER_NONNULL = YES;
				CLANG_ANALYZER_NUMBER_OBJECT_CONVERSION = YES_AGGRESSIVE;
				CLANG_CXX_LANGUAGE_STANDARD = "gnu++20";
				CLANG_ENABLE_MODULES = YES;
				CLANG_ENABLE_OBJC_ARC = YES;
				CLANG_ENABLE_OBJC_WEAK = YES;
				CLANG_WARN_BLOCK_CAPTURE_AUTORELEASING = YES;
				CLANG_WARN_BOOL_CONVERSION = YES;
				CLANG_WARN_COMMA = YES;
				CLANG_WARN_CONSTANT_CONVERSION = YES;
				CLANG_WARN_DEPRECATED_OBJC_IMPLEMENTATIONS = YES;
				CLANG_WARN_DIRECT_OBJC_ISA_USAGE = YES_ERROR;
				CLANG_WARN_DOCUMENTATION_COMMENTS = YES;
				CLANG_WARN_EMPTY_BODY = YES;
				CLANG_WARN_ENUM_CONVERSION = YES;
				CLANG_WARN_INFINITE_RECURSION = YES;
				CLANG_WARN_INT_CONVERSION = YES;
				CLANG_WARN_NON_LITERAL_NULL_CONVERSION = YES;
				CLANG_WARN_OBJC_IMPLICIT_RETAIN_SELF = YES;
				CLANG_WARN_OBJC_LITERAL_CONVERSION = YES;
				CLANG_WARN_OBJC_ROOT_CLASS = YES_ERROR;
				CLANG_WARN_QUOTED_INCLUDE_IN_FRAMEWORK_HEADER = YES;
				CLANG_WARN_RANGE_LOOP_ANALYSIS = YES;
				CLANG_WARN_STRICT_PROTOTYPES = YES;
				CLANG_WARN_SUSPICIOUS_MOVE = YES;
				CLANG_WARN_UNGUARDED_AVAILABILITY = YES_AGGRESSIVE;
				CLANG_WARN_UNREACHABLE_CODE = YES;
				CLANG_WARN__DUPLICATE_METHOD_MATCH = YES;
				COPY_PHASE_STRIP = NO;
				DEBUG_INFORMATION_FORMAT = dwarf;
				ENABLE_STRICT_OBJC_MSGSEND = YES;
				ENABLE_TESTABILITY = YES;
				ENABLE_USER_SCRIPT_SANDBOXING = YES;
				GCC_C_LANGUAGE_STANDARD = gnu17;
				GCC_DYNAMIC_NO_PIC = NO;
				GCC_NO_COMMON_BLOCKS = YES;
				GCC_OPTIMIZATION_LEVEL = 0;
				GCC_PREPROCESSOR_DEFINITIONS = (
					"DEBUG=1",
					"$(inherited)",
				);
				GCC_WARN_64_TO_32_BIT_CONVERSION = YES;
				GCC_WARN_ABOUT_RETURN_TYPE = YES_ERROR;
				GCC_WARN_UNDECLARED_SELECTOR = YES;
				GCC_WARN_UNINITIALIZED_AUTOS = YES_AGGRESSIVE;
				GCC_WARN_UNUSED_FUNCTION = YES;
				GCC_WARN_UNUSED_VARIABLE = YES;
				IPHONEOS_DEPLOYMENT_TARGET = 17.2;
				LOCALIZATION_PREFERS_STRING_CATALOGS = YES;
				MTL_ENABLE_DEBUG_INFO = INCLUDE_SOURCE;
				MTL_FAST_MATH = YES;
				ONLY_ACTIVE_ARCH = YES;
				SDKROOT = iphoneos;
				SWIFT_ACTIVE_COMPILATION_CONDITIONS = "DEBUG $(inherited)";
				SWIFT_OPTIMIZATION_LEVEL = "-Onone";
			};
			name = Debug;
		};
		05C93BD72BDF4CCB0035FA61 /* Release */ = {
			isa = XCBuildConfiguration;
			buildSettings = {
				ALWAYS_SEARCH_USER_PATHS = NO;
				ASSETCATALOG_COMPILER_GENERATE_SWIFT_ASSET_SYMBOL_EXTENSIONS = YES;
				CLANG_ANALYZER_NONNULL = YES;
				CLANG_ANALYZER_NUMBER_OBJECT_CONVERSION = YES_AGGRESSIVE;
				CLANG_CXX_LANGUAGE_STANDARD = "gnu++20";
				CLANG_ENABLE_MODULES = YES;
				CLANG_ENABLE_OBJC_ARC = YES;
				CLANG_ENABLE_OBJC_WEAK = YES;
				CLANG_WARN_BLOCK_CAPTURE_AUTORELEASING = YES;
				CLANG_WARN_BOOL_CONVERSION = YES;
				CLANG_WARN_COMMA = YES;
				CLANG_WARN_CONSTANT_CONVERSION = YES;
				CLANG_WARN_DEPRECATED_OBJC_IMPLEMENTATIONS = YES;
				CLANG_WARN_DIRECT_OBJC_ISA_USAGE = YES_ERROR;
				CLANG_WARN_DOCUMENTATION_COMMENTS = YES;
				CLANG_WARN_EMPTY_BODY = YES;
				CLANG_WARN_ENUM_CONVERSION = YES;
				CLANG_WARN_INFINITE_RECURSION = YES;
				CLANG_WARN_INT_CONVERSION = YES;
				CLANG_WARN_NON_LITERAL_NULL_CONVERSION = YES;
				CLANG_WARN_OBJC_IMPLICIT_RETAIN_SELF = YES;
				CLANG_WARN_OBJC_LITERAL_CONVERSION = YES;
				CLANG_WARN_OBJC_ROOT_CLASS = YES_ERROR;
				CLANG_WARN_QUOTED_INCLUDE_IN_FRAMEWORK_HEADER = YES;
				CLANG_WARN_RANGE_LOOP_ANALYSIS = YES;
				CLANG_WARN_STRICT_PROTOTYPES = YES;
				CLANG_WARN_SUSPICIOUS_MOVE = YES;
				CLANG_WARN_UNGUARDED_AVAILABILITY = YES_AGGRESSIVE;
				CLANG_WARN_UNREACHABLE_CODE = YES;
				CLANG_WARN__DUPLICATE_METHOD_MATCH = YES;
				COPY_PHASE_STRIP = NO;
				DEBUG_INFORMATION_FORMAT = "dwarf-with-dsym";
				ENABLE_NS_ASSERTIONS = NO;
				ENABLE_STRICT_OBJC_MSGSEND = YES;
				ENABLE_USER_SCRIPT_SANDBOXING = YES;
				GCC_C_LANGUAGE_STANDARD = gnu17;
				GCC_NO_COMMON_BLOCKS = YES;
				GCC_WARN_64_TO_32_BIT_CONVERSION = YES;
				GCC_WARN_ABOUT_RETURN_TYPE = YES_ERROR;
				GCC_WARN_UNDECLARED_SELECTOR = YES;
				GCC_WARN_UNINITIALIZED_AUTOS = YES_AGGRESSIVE;
				GCC_WARN_UNUSED_FUNCTION = YES;
				GCC_WARN_UNUSED_VARIABLE = YES;
				IPHONEOS_DEPLOYMENT_TARGET = 17.2;
				LOCALIZATION_PREFERS_STRING_CATALOGS = YES;
				MTL_ENABLE_DEBUG_INFO = NO;
				MTL_FAST_MATH = YES;
				SDKROOT = iphoneos;
				SWIFT_COMPILATION_MODE = wholemodule;
				VALIDATE_PRODUCT = YES;
			};
			name = Release;
		};
		05C93BD92BDF4CCB0035FA61 /* Debug */ = {
			isa = XCBuildConfiguration;
			buildSettings = {
				ASSETCATALOG_COMPILER_APPICON_NAME = AppIcon;
				ASSETCATALOG_COMPILER_GLOBAL_ACCENT_COLOR_NAME = AccentColor;
				CODE_SIGN_STYLE = Automatic;
				CURRENT_PROJECT_VERSION = 1;
				GENERATE_INFOPLIST_FILE = YES;
				INFOPLIST_FILE = QueueSkipper/Info.plist;
				INFOPLIST_KEY_UIApplicationSupportsIndirectInputEvents = YES;
				INFOPLIST_KEY_UILaunchStoryboardName = LaunchScreen;
				INFOPLIST_KEY_UIMainStoryboardFile = Main;
				INFOPLIST_KEY_UISupportedInterfaceOrientations_iPad = "UIInterfaceOrientationPortrait UIInterfaceOrientationPortraitUpsideDown UIInterfaceOrientationLandscapeLeft UIInterfaceOrientationLandscapeRight";
				INFOPLIST_KEY_UISupportedInterfaceOrientations_iPhone = "UIInterfaceOrientationPortrait UIInterfaceOrientationLandscapeLeft UIInterfaceOrientationLandscapeRight";
				LD_RUNPATH_SEARCH_PATHS = (
					"$(inherited)",
					"@executable_path/Frameworks",
				);
				MARKETING_VERSION = 1.0;
				PRODUCT_BUNDLE_IDENTIFIER = com.lohiyakeshav.QueueSkipper;
				PRODUCT_NAME = "$(TARGET_NAME)";
				SWIFT_EMIT_LOC_STRINGS = YES;
				SWIFT_VERSION = 5.0;
				TARGETED_DEVICE_FAMILY = "1,2";
			};
			name = Debug;
		};
		05C93BDA2BDF4CCB0035FA61 /* Release */ = {
			isa = XCBuildConfiguration;
			buildSettings = {
				ASSETCATALOG_COMPILER_APPICON_NAME = AppIcon;
				ASSETCATALOG_COMPILER_GLOBAL_ACCENT_COLOR_NAME = AccentColor;
				CODE_SIGN_STYLE = Automatic;
				CURRENT_PROJECT_VERSION = 1;
				GENERATE_INFOPLIST_FILE = YES;
				INFOPLIST_FILE = QueueSkipper/Info.plist;
				INFOPLIST_KEY_UIApplicationSupportsIndirectInputEvents = YES;
				INFOPLIST_KEY_UILaunchStoryboardName = LaunchScreen;
				INFOPLIST_KEY_UIMainStoryboardFile = Main;
				INFOPLIST_KEY_UISupportedInterfaceOrientations_iPad = "UIInterfaceOrientationPortrait UIInterfaceOrientationPortraitUpsideDown UIInterfaceOrientationLandscapeLeft UIInterfaceOrientationLandscapeRight";
				INFOPLIST_KEY_UISupportedInterfaceOrientations_iPhone = "UIInterfaceOrientationPortrait UIInterfaceOrientationLandscapeLeft UIInterfaceOrientationLandscapeRight";
				LD_RUNPATH_SEARCH_PATHS = (
					"$(inherited)",
					"@executable_path/Frameworks",
				);
				MARKETING_VERSION = 1.0;
				PRODUCT_BUNDLE_IDENTIFIER = com.lohiyakeshav.QueueSkipper;
				PRODUCT_NAME = "$(TARGET_NAME)";
				SWIFT_EMIT_LOC_STRINGS = YES;
				SWIFT_VERSION = 5.0;
				TARGETED_DEVICE_FAMILY = "1,2";
			};
			name = Release;
		};
/* End XCBuildConfiguration section */

/* Begin XCConfigurationList section */
		05C93BBF2BDF4CCA0035FA61 /* Build configuration list for PBXProject "QueueSkipper" */ = {
			isa = XCConfigurationList;
			buildConfigurations = (
				05C93BD62BDF4CCB0035FA61 /* Debug */,
				05C93BD72BDF4CCB0035FA61 /* Release */,
			);
			defaultConfigurationIsVisible = 0;
			defaultConfigurationName = Release;
		};
		05C93BD82BDF4CCB0035FA61 /* Build configuration list for PBXNativeTarget "QueueSkipper" */ = {
			isa = XCConfigurationList;
			buildConfigurations = (
				05C93BD92BDF4CCB0035FA61 /* Debug */,
				05C93BDA2BDF4CCB0035FA61 /* Release */,
			);
			defaultConfigurationIsVisible = 0;
			defaultConfigurationName = Release;
		};
/* End XCConfigurationList section */
	};
	rootObject = 05C93BBC2BDF4CCA0035FA61 /* Project object */;
}
