// !$*UTF8*$!
{
	archiveVersion = 1;
	classes = {
	};
	objectVersion = 56;
	objects = {

/* Begin PBXBuildFile section */
		0574093B2BF72316000303B2 /* MenuViewController.swift in Sources */ = {isa = PBXBuildFile; fileRef = 0574093A2BF72316000303B2 /* MenuViewController.swift */; };
		0598D6F32BF716CE00425F46 /* MyOrdersTableViewController.swift in Sources */ = {isa = PBXBuildFile; fileRef = 0598D6F22BF716CE00425F46 /* MyOrdersTableViewController.swift */; };
		0598D6F72BF71AA400425F46 /* OrdersTableViewCell.swift in Sources */ = {isa = PBXBuildFile; fileRef = 0598D6F62BF71AA400425F46 /* OrdersTableViewCell.swift */; };
		0598D6F92BF7207C00425F46 /* MyOrders.swift in Sources */ = {isa = PBXBuildFile; fileRef = 0598D6F82BF7207C00425F46 /* MyOrders.swift */; };
		05AFDB882BF60FB500878F68 /* Favourites.storyboard in Resources */ = {isa = PBXBuildFile; fileRef = 05AFDB872BF60FB500878F68 /* Favourites.storyboard */; };
		05AFDB8A2BF6100A00878F68 /* MyOrders.storyboard in Resources */ = {isa = PBXBuildFile; fileRef = 05AFDB892BF6100A00878F68 /* MyOrders.storyboard */; };
		05AFDB8C2BF6105F00878F68 /* Restaurants.storyboard in Resources */ = {isa = PBXBuildFile; fileRef = 05AFDB8B2BF6105F00878F68 /* Restaurants.storyboard */; };
		05AFDB8E2BF6115C00878F68 /* Profile.storyboard in Resources */ = {isa = PBXBuildFile; fileRef = 05AFDB8D2BF6115C00878F68 /* Profile.storyboard */; };
		05AFDB942BF616A700878F68 /* FavouritesViewController.swift in Sources */ = {isa = PBXBuildFile; fileRef = 05AFDB932BF616A700878F68 /* FavouritesViewController.swift */; };
		05C8CFB82BFB5FAF00279977 /* RestaurantDetails.xib in Resources */ = {isa = PBXBuildFile; fileRef = 05C8CFB72BFB5FAF00279977 /* RestaurantDetails.xib */; };
		05C8CFBA2BFB63F300279977 /* RestaurantDetailsCollectionViewCell.swift in Sources */ = {isa = PBXBuildFile; fileRef = 05C8CFB92BFB63F300279977 /* RestaurantDetailsCollectionViewCell.swift */; };
		05C93BC82BDF4CCA0035FA61 /* AppDelegate.swift in Sources */ = {isa = PBXBuildFile; fileRef = 05C93BC72BDF4CCA0035FA61 /* AppDelegate.swift */; };
		05C93BCA2BDF4CCA0035FA61 /* SceneDelegate.swift in Sources */ = {isa = PBXBuildFile; fileRef = 05C93BC92BDF4CCA0035FA61 /* SceneDelegate.swift */; };
		05C93BCC2BDF4CCA0035FA61 /* ViewController.swift in Sources */ = {isa = PBXBuildFile; fileRef = 05C93BCB2BDF4CCA0035FA61 /* ViewController.swift */; };
		05C93BCF2BDF4CCA0035FA61 /* Main.storyboard in Resources */ = {isa = PBXBuildFile; fileRef = 05C93BCD2BDF4CCA0035FA61 /* Main.storyboard */; };
		05C93BD12BDF4CCB0035FA61 /* Assets.xcassets in Resources */ = {isa = PBXBuildFile; fileRef = 05C93BD02BDF4CCB0035FA61 /* Assets.xcassets */; };
		05E4608D2BF4D33600E0108C /* Restaurant.swift in Sources */ = {isa = PBXBuildFile; fileRef = 05E4608C2BF4D33600E0108C /* Restaurant.swift */; };
		726507E82BFBB8BE00D579FF /* ProfileInfoTableViewCell.swift in Sources */ = {isa = PBXBuildFile; fileRef = 726507E72BFBB8BE00D579FF /* ProfileInfoTableViewCell.swift */; };
		72B54F792BFB65610050DD7F /* ProfileTableViewController.swift in Sources */ = {isa = PBXBuildFile; fileRef = 72B54F782BFB65610050DD7F /* ProfileTableViewController.swift */; };
		A00E461E2C0090B800D494A3 /* Favourite.xib in Resources */ = {isa = PBXBuildFile; fileRef = A00E461D2C0090B800D494A3 /* Favourite.xib */; };
		A03CE6F32BFB92BB00803028 /* FeaturedItems.xib in Resources */ = {isa = PBXBuildFile; fileRef = A03CE6F22BFB92BB00803028 /* FeaturedItems.xib */; };
		A03CE6F52BFB95ED00803028 /* FeaturedItemsCollectionViewCell.swift in Sources */ = {isa = PBXBuildFile; fileRef = A03CE6F42BFB95ED00803028 /* FeaturedItemsCollectionViewCell.swift */; };
		A03CE6F72BFBA0E100803028 /* Menu.xib in Resources */ = {isa = PBXBuildFile; fileRef = A03CE6F62BFBA0E100803028 /* Menu.xib */; };
		A03CE6F92BFBA33900803028 /* MenuCollectionViewCell.swift in Sources */ = {isa = PBXBuildFile; fileRef = A03CE6F82BFBA33900803028 /* MenuCollectionViewCell.swift */; };
		A077D1592C00A88000A94830 /* HomeBanner.xib in Resources */ = {isa = PBXBuildFile; fileRef = A077D1582C00A88000A94830 /* HomeBanner.xib */; };
		A077D15B2C00AB8500A94830 /* HomeViewController.swift in Sources */ = {isa = PBXBuildFile; fileRef = A077D15A2C00AB8500A94830 /* HomeViewController.swift */; };
		A0D0AE542C043C1000129DEB /* HomeBannerCollectionViewCell.swift in Sources */ = {isa = PBXBuildFile; fileRef = A0D0AE532C043C1000129DEB /* HomeBannerCollectionViewCell.swift */; };
		A0D0AE582C04545D00129DEB /* HeaderCollectionReusableView.swift in Sources */ = {isa = PBXBuildFile; fileRef = A0D0AE572C04545D00129DEB /* HeaderCollectionReusableView.swift */; };
		A0D0AE5A2C04643B00129DEB /* RestaurantList.xib in Resources */ = {isa = PBXBuildFile; fileRef = A0D0AE592C04643B00129DEB /* RestaurantList.xib */; };
		A0D0AE5C2C0465A000129DEB /* RestaurantListCollectionViewCell.swift in Sources */ = {isa = PBXBuildFile; fileRef = A0D0AE5B2C0465A000129DEB /* RestaurantListCollectionViewCell.swift */; };
		A0D386EA2BFD0BE2002E1F1E /* FavouriteDish.swift in Sources */ = {isa = PBXBuildFile; fileRef = A0D386E92BFD0BE2002E1F1E /* FavouriteDish.swift */; };
/* End PBXBuildFile section */

/* Begin PBXFileReference section */
		0574093A2BF72316000303B2 /* MenuViewController.swift */ = {isa = PBXFileReference; lastKnownFileType = sourcecode.swift; path = MenuViewController.swift; sourceTree = "<group>"; };
		0598D6F22BF716CE00425F46 /* MyOrdersTableViewController.swift */ = {isa = PBXFileReference; lastKnownFileType = sourcecode.swift; path = MyOrdersTableViewController.swift; sourceTree = "<group>"; };
		0598D6F62BF71AA400425F46 /* OrdersTableViewCell.swift */ = {isa = PBXFileReference; lastKnownFileType = sourcecode.swift; path = OrdersTableViewCell.swift; sourceTree = "<group>"; };
		0598D6F82BF7207C00425F46 /* MyOrders.swift */ = {isa = PBXFileReference; lastKnownFileType = sourcecode.swift; path = MyOrders.swift; sourceTree = "<group>"; };
		05AFDB872BF60FB500878F68 /* Favourites.storyboard */ = {isa = PBXFileReference; lastKnownFileType = file.storyboard; path = Favourites.storyboard; sourceTree = "<group>"; };
		05AFDB892BF6100A00878F68 /* MyOrders.storyboard */ = {isa = PBXFileReference; lastKnownFileType = file.storyboard; path = MyOrders.storyboard; sourceTree = "<group>"; };
		05AFDB8B2BF6105F00878F68 /* Restaurants.storyboard */ = {isa = PBXFileReference; lastKnownFileType = file.storyboard; path = Restaurants.storyboard; sourceTree = "<group>"; };
		05AFDB8D2BF6115C00878F68 /* Profile.storyboard */ = {isa = PBXFileReference; lastKnownFileType = file.storyboard; path = Profile.storyboard; sourceTree = "<group>"; };
		05AFDB932BF616A700878F68 /* FavouritesViewController.swift */ = {isa = PBXFileReference; lastKnownFileType = sourcecode.swift; path = FavouritesViewController.swift; sourceTree = "<group>"; };
		05C8CFB72BFB5FAF00279977 /* RestaurantDetails.xib */ = {isa = PBXFileReference; lastKnownFileType = file.xib; path = RestaurantDetails.xib; sourceTree = "<group>"; };
		05C8CFB92BFB63F300279977 /* RestaurantDetailsCollectionViewCell.swift */ = {isa = PBXFileReference; lastKnownFileType = sourcecode.swift; path = RestaurantDetailsCollectionViewCell.swift; sourceTree = "<group>"; };
		05C93BC42BDF4CCA0035FA61 /* QueueSkipper.app */ = {isa = PBXFileReference; explicitFileType = wrapper.application; includeInIndex = 0; path = QueueSkipper.app; sourceTree = BUILT_PRODUCTS_DIR; };
		05C93BC72BDF4CCA0035FA61 /* AppDelegate.swift */ = {isa = PBXFileReference; lastKnownFileType = sourcecode.swift; path = AppDelegate.swift; sourceTree = "<group>"; };
		05C93BC92BDF4CCA0035FA61 /* SceneDelegate.swift */ = {isa = PBXFileReference; lastKnownFileType = sourcecode.swift; path = SceneDelegate.swift; sourceTree = "<group>"; };
		05C93BCB2BDF4CCA0035FA61 /* ViewController.swift */ = {isa = PBXFileReference; lastKnownFileType = sourcecode.swift; path = ViewController.swift; sourceTree = "<group>"; };
		05C93BCE2BDF4CCA0035FA61 /* Base */ = {isa = PBXFileReference; lastKnownFileType = file.storyboard; name = Base; path = Base.lproj/Main.storyboard; sourceTree = "<group>"; };
		05C93BD02BDF4CCB0035FA61 /* Assets.xcassets */ = {isa = PBXFileReference; lastKnownFileType = folder.assetcatalog; path = Assets.xcassets; sourceTree = "<group>"; };
		05C93BD52BDF4CCB0035FA61 /* Info.plist */ = {isa = PBXFileReference; lastKnownFileType = text.plist.xml; path = Info.plist; sourceTree = "<group>"; };
		05E4608C2BF4D33600E0108C /* Restaurant.swift */ = {isa = PBXFileReference; lastKnownFileType = sourcecode.swift; path = Restaurant.swift; sourceTree = "<group>"; };
		72255ACC2BFB575500CDFD89 /* QueueSkipper-Bridging-Header.h */ = {isa = PBXFileReference; lastKnownFileType = sourcecode.c.h; path = "QueueSkipper-Bridging-Header.h"; sourceTree = "<group>"; };
		726507E72BFBB8BE00D579FF /* ProfileInfoTableViewCell.swift */ = {isa = PBXFileReference; lastKnownFileType = sourcecode.swift; path = ProfileInfoTableViewCell.swift; sourceTree = "<group>"; };
		72B54F782BFB65610050DD7F /* ProfileTableViewController.swift */ = {isa = PBXFileReference; lastKnownFileType = sourcecode.swift; path = ProfileTableViewController.swift; sourceTree = "<group>"; };
		A00E461D2C0090B800D494A3 /* Favourite.xib */ = {isa = PBXFileReference; lastKnownFileType = file.xib; path = Favourite.xib; sourceTree = "<group>"; };
		A03CE6F22BFB92BB00803028 /* FeaturedItems.xib */ = {isa = PBXFileReference; lastKnownFileType = file.xib; path = FeaturedItems.xib; sourceTree = "<group>"; };
		A03CE6F42BFB95ED00803028 /* FeaturedItemsCollectionViewCell.swift */ = {isa = PBXFileReference; lastKnownFileType = sourcecode.swift; path = FeaturedItemsCollectionViewCell.swift; sourceTree = "<group>"; };
		A03CE6F62BFBA0E100803028 /* Menu.xib */ = {isa = PBXFileReference; lastKnownFileType = file.xib; path = Menu.xib; sourceTree = "<group>"; };
		A03CE6F82BFBA33900803028 /* MenuCollectionViewCell.swift */ = {isa = PBXFileReference; lastKnownFileType = sourcecode.swift; path = MenuCollectionViewCell.swift; sourceTree = "<group>"; };
		A077D1582C00A88000A94830 /* HomeBanner.xib */ = {isa = PBXFileReference; lastKnownFileType = file.xib; path = HomeBanner.xib; sourceTree = "<group>"; };
		A077D15A2C00AB8500A94830 /* HomeViewController.swift */ = {isa = PBXFileReference; lastKnownFileType = sourcecode.swift; path = HomeViewController.swift; sourceTree = "<group>"; };
		A0D0AE532C043C1000129DEB /* HomeBannerCollectionViewCell.swift */ = {isa = PBXFileReference; lastKnownFileType = sourcecode.swift; path = HomeBannerCollectionViewCell.swift; sourceTree = "<group>"; };
		A0D0AE572C04545D00129DEB /* HeaderCollectionReusableView.swift */ = {isa = PBXFileReference; lastKnownFileType = sourcecode.swift; path = HeaderCollectionReusableView.swift; sourceTree = "<group>"; };
		A0D0AE592C04643B00129DEB /* RestaurantList.xib */ = {isa = PBXFileReference; lastKnownFileType = file.xib; path = RestaurantList.xib; sourceTree = "<group>"; };
		A0D0AE5B2C0465A000129DEB /* RestaurantListCollectionViewCell.swift */ = {isa = PBXFileReference; lastKnownFileType = sourcecode.swift; path = RestaurantListCollectionViewCell.swift; sourceTree = "<group>"; };
		A0D386E92BFD0BE2002E1F1E /* FavouriteDish.swift */ = {isa = PBXFileReference; lastKnownFileType = sourcecode.swift; path = FavouriteDish.swift; sourceTree = "<group>"; };
/* End PBXFileReference section */

/* Begin PBXFrameworksBuildPhase section */
		05C93BC12BDF4CCA0035FA61 /* Frameworks */ = {
			isa = PBXFrameworksBuildPhase;
			buildActionMask = 2147483647;
			files = (
			);
			runOnlyForDeploymentPostprocessing = 0;
		};
/* End PBXFrameworksBuildPhase section */

/* Begin PBXGroup section */
		05C93BBB2BDF4CCA0035FA61 = {
			isa = PBXGroup;
			children = (
				05C93BC62BDF4CCA0035FA61 /* QueueSkipper */,
				05C93BC52BDF4CCA0035FA61 /* Products */,
			);
			sourceTree = "<group>";
		};
		05C93BC52BDF4CCA0035FA61 /* Products */ = {
			isa = PBXGroup;
			children = (
				05C93BC42BDF4CCA0035FA61 /* QueueSkipper.app */,
			);
			name = Products;
			sourceTree = "<group>";
		};
		05C93BC62BDF4CCA0035FA61 /* QueueSkipper */ = {
			isa = PBXGroup;
			children = (
				05C93BC72BDF4CCA0035FA61 /* AppDelegate.swift */,
				05E4608C2BF4D33600E0108C /* Restaurant.swift */,
				05C8CFB72BFB5FAF00279977 /* RestaurantDetails.xib */,
				A03CE6F22BFB92BB00803028 /* FeaturedItems.xib */,
				A03CE6F42BFB95ED00803028 /* FeaturedItemsCollectionViewCell.swift */,
				05C8CFB92BFB63F300279977 /* RestaurantDetailsCollectionViewCell.swift */,
				05C93BC92BDF4CCA0035FA61 /* SceneDelegate.swift */,
				05C93BCB2BDF4CCA0035FA61 /* ViewController.swift */,
				05C93BCD2BDF4CCA0035FA61 /* Main.storyboard */,
				05AFDB8B2BF6105F00878F68 /* Restaurants.storyboard */,
				A077D1582C00A88000A94830 /* HomeBanner.xib */,
				A0D0AE532C043C1000129DEB /* HomeBannerCollectionViewCell.swift */,
				0574093A2BF72316000303B2 /* MenuViewController.swift */,
				A03CE6F62BFBA0E100803028 /* Menu.xib */,
				A03CE6F82BFBA33900803028 /* MenuCollectionViewCell.swift */,
				A077D15A2C00AB8500A94830 /* HomeViewController.swift */,
				A0D0AE592C04643B00129DEB /* RestaurantList.xib */,
				A0D0AE5B2C0465A000129DEB /* RestaurantListCollectionViewCell.swift */,
				05AFDB8D2BF6115C00878F68 /* Profile.storyboard */,
				A0D0AE572C04545D00129DEB /* HeaderCollectionReusableView.swift */,
				726507E72BFBB8BE00D579FF /* ProfileInfoTableViewCell.swift */,
				72B54F782BFB65610050DD7F /* ProfileTableViewController.swift */,
				05AFDB892BF6100A00878F68 /* MyOrders.storyboard */,
				0598D6F82BF7207C00425F46 /* MyOrders.swift */,
				0598D6F62BF71AA400425F46 /* OrdersTableViewCell.swift */,
				0598D6F22BF716CE00425F46 /* MyOrdersTableViewController.swift */,
				05AFDB872BF60FB500878F68 /* Favourites.storyboard */,
				05AFDB932BF616A700878F68 /* FavouritesViewController.swift */,
				A00E461D2C0090B800D494A3 /* Favourite.xib */,
				A0D386E92BFD0BE2002E1F1E /* FavouriteDish.swift */,
				05C93BD02BDF4CCB0035FA61 /* Assets.xcassets */,
				05C93BD52BDF4CCB0035FA61 /* Info.plist */,
				72255ACC2BFB575500CDFD89 /* QueueSkipper-Bridging-Header.h */,
			);
			path = QueueSkipper;
			sourceTree = "<group>";
		};
/* End PBXGroup section */

/* Begin PBXNativeTarget section */
		05C93BC32BDF4CCA0035FA61 /* QueueSkipper */ = {
			isa = PBXNativeTarget;
			buildConfigurationList = 05C93BD82BDF4CCB0035FA61 /* Build configuration list for PBXNativeTarget "QueueSkipper" */;
			buildPhases = (
				05C93BC02BDF4CCA0035FA61 /* Sources */,
				05C93BC12BDF4CCA0035FA61 /* Frameworks */,
				05C93BC22BDF4CCA0035FA61 /* Resources */,
			);
			buildRules = (
			);
			dependencies = (
			);
			name = QueueSkipper;
			productName = QueueSkipper;
			productReference = 05C93BC42BDF4CCA0035FA61 /* QueueSkipper.app */;
			productType = "com.apple.product-type.application";
		};
/* End PBXNativeTarget section */

/* Begin PBXProject section */
		05C93BBC2BDF4CCA0035FA61 /* Project object */ = {
			isa = PBXProject;
			attributes = {
				BuildIndependentTargetsInParallel = 1;
				LastSwiftUpdateCheck = 1520;
				LastUpgradeCheck = 1520;
				TargetAttributes = {
					05C93BC32BDF4CCA0035FA61 = {
						CreatedOnToolsVersion = 15.2;
						LastSwiftMigration = 1540;
					};
				};
			};
			buildConfigurationList = 05C93BBF2BDF4CCA0035FA61 /* Build configuration list for PBXProject "QueueSkipper" */;
			compatibilityVersion = "Xcode 14.0";
			developmentRegion = en;
			hasScannedForEncodings = 0;
			knownRegions = (
				en,
				Base,
			);
			mainGroup = 05C93BBB2BDF4CCA0035FA61;
			productRefGroup = 05C93BC52BDF4CCA0035FA61 /* Products */;
			projectDirPath = "";
			projectRoot = "";
			targets = (
				05C93BC32BDF4CCA0035FA61 /* QueueSkipper */,
			);
		};
/* End PBXProject section */

/* Begin PBXResourcesBuildPhase section */
		05C93BC22BDF4CCA0035FA61 /* Resources */ = {
			isa = PBXResourcesBuildPhase;
			buildActionMask = 2147483647;
			files = (
				05AFDB8E2BF6115C00878F68 /* Profile.storyboard in Resources */,
				05C93BD12BDF4CCB0035FA61 /* Assets.xcassets in Resources */,
				A077D1592C00A88000A94830 /* HomeBanner.xib in Resources */,
				A03CE6F32BFB92BB00803028 /* FeaturedItems.xib in Resources */,
				A0D0AE5A2C04643B00129DEB /* RestaurantList.xib in Resources */,
				05C93BCF2BDF4CCA0035FA61 /* Main.storyboard in Resources */,
				A03CE6F72BFBA0E100803028 /* Menu.xib in Resources */,
				05AFDB8C2BF6105F00878F68 /* Restaurants.storyboard in Resources */,
				05AFDB882BF60FB500878F68 /* Favourites.storyboard in Resources */,
				A00E461E2C0090B800D494A3 /* Favourite.xib in Resources */,
				05AFDB8A2BF6100A00878F68 /* MyOrders.storyboard in Resources */,
				05C8CFB82BFB5FAF00279977 /* RestaurantDetails.xib in Resources */,
			);
			runOnlyForDeploymentPostprocessing = 0;
		};
/* End PBXResourcesBuildPhase section */

/* Begin PBXSourcesBuildPhase section */
		05C93BC02BDF4CCA0035FA61 /* Sources */ = {
			isa = PBXSourcesBuildPhase;
			buildActionMask = 2147483647;
			files = (
				05C93BCC2BDF4CCA0035FA61 /* ViewController.swift in Sources */,
				0574093B2BF72316000303B2 /* MenuViewController.swift in Sources */,
				05C93BC82BDF4CCA0035FA61 /* AppDelegate.swift in Sources */,
				0598D6F32BF716CE00425F46 /* MyOrdersTableViewController.swift in Sources */,
				A0D0AE542C043C1000129DEB /* HomeBannerCollectionViewCell.swift in Sources */,
				726507E82BFBB8BE00D579FF /* ProfileInfoTableViewCell.swift in Sources */,
				A077D15B2C00AB8500A94830 /* HomeViewController.swift in Sources */,
				05C93BCA2BDF4CCA0035FA61 /* SceneDelegate.swift in Sources */,
				A0D0AE582C04545D00129DEB /* HeaderCollectionReusableView.swift in Sources */,
				A03CE6F52BFB95ED00803028 /* FeaturedItemsCollectionViewCell.swift in Sources */,
				05C8CFBA2BFB63F300279977 /* RestaurantDetailsCollectionViewCell.swift in Sources */,
				05AFDB942BF616A700878F68 /* FavouritesViewController.swift in Sources */,
				A0D386EA2BFD0BE2002E1F1E /* FavouriteDish.swift in Sources */,
				72B54F792BFB65610050DD7F /* ProfileTableViewController.swift in Sources */,
				0598D6F72BF71AA400425F46 /* OrdersTableViewCell.swift in Sources */,
				05E4608D2BF4D33600E0108C /* Restaurant.swift in Sources */,
				A0D0AE5C2C0465A000129DEB /* RestaurantListCollectionViewCell.swift in Sources */,
				0598D6F92BF7207C00425F46 /* MyOrders.swift in Sources */,
				A03CE6F92BFBA33900803028 /* MenuCollectionViewCell.swift in Sources */,
			);
			runOnlyForDeploymentPostprocessing = 0;
		};
/* End PBXSourcesBuildPhase section */

/* Begin PBXVariantGroup section */
		05C93BCD2BDF4CCA0035FA61 /* Main.storyboard */ = {
			isa = PBXVariantGroup;
			children = (
				05C93BCE2BDF4CCA0035FA61 /* Base */,
			);
			name = Main.storyboard;
			sourceTree = "<group>";
		};
/* End PBXVariantGroup section */

/* Begin XCBuildConfiguration section */
		05C93BD62BDF4CCB0035FA61 /* Debug */ = {
			isa = XCBuildConfiguration;
			buildSettings = {
				ALWAYS_SEARCH_USER_PATHS = NO;
				ASSETCATALOG_COMPILER_GENERATE_SWIFT_ASSET_SYMBOL_EXTENSIONS = YES;
				CLANG_ANALYZER_NONNULL = YES;
				CLANG_ANALYZER_NUMBER_OBJECT_CONVERSION = YES_AGGRESSIVE;
				CLANG_CXX_LANGUAGE_STANDARD = "gnu++20";
				CLANG_ENABLE_MODULES = YES;
				CLANG_ENABLE_OBJC_ARC = YES;
				CLANG_ENABLE_OBJC_WEAK = YES;
				CLANG_WARN_BLOCK_CAPTURE_AUTORELEASING = YES;
				CLANG_WARN_BOOL_CONVERSION = YES;
				CLANG_WARN_COMMA = YES;
				CLANG_WARN_CONSTANT_CONVERSION = YES;
				CLANG_WARN_DEPRECATED_OBJC_IMPLEMENTATIONS = YES;
				CLANG_WARN_DIRECT_OBJC_ISA_USAGE = YES_ERROR;
				CLANG_WARN_DOCUMENTATION_COMMENTS = YES;
				CLANG_WARN_EMPTY_BODY = YES;
				CLANG_WARN_ENUM_CONVERSION = YES;
				CLANG_WARN_INFINITE_RECURSION = YES;
				CLANG_WARN_INT_CONVERSION = YES;
				CLANG_WARN_NON_LITERAL_NULL_CONVERSION = YES;
				CLANG_WARN_OBJC_IMPLICIT_RETAIN_SELF = YES;
				CLANG_WARN_OBJC_LITERAL_CONVERSION = YES;
				CLANG_WARN_OBJC_ROOT_CLASS = YES_ERROR;
				CLANG_WARN_QUOTED_INCLUDE_IN_FRAMEWORK_HEADER = YES;
				CLANG_WARN_RANGE_LOOP_ANALYSIS = YES;
				CLANG_WARN_STRICT_PROTOTYPES = YES;
				CLANG_WARN_SUSPICIOUS_MOVE = YES;
				CLANG_WARN_UNGUARDED_AVAILABILITY = YES_AGGRESSIVE;
				CLANG_WARN_UNREACHABLE_CODE = YES;
				CLANG_WARN__DUPLICATE_METHOD_MATCH = YES;
				COPY_PHASE_STRIP = NO;
				DEBUG_INFORMATION_FORMAT = dwarf;
				ENABLE_STRICT_OBJC_MSGSEND = YES;
				ENABLE_TESTABILITY = YES;
				ENABLE_USER_SCRIPT_SANDBOXING = YES;
				GCC_C_LANGUAGE_STANDARD = gnu17;
				GCC_DYNAMIC_NO_PIC = NO;
				GCC_NO_COMMON_BLOCKS = YES;
				GCC_OPTIMIZATION_LEVEL = 0;
				GCC_PREPROCESSOR_DEFINITIONS = (
					"DEBUG=1",
					"$(inherited)",
				);
				GCC_WARN_64_TO_32_BIT_CONVERSION = YES;
				GCC_WARN_ABOUT_RETURN_TYPE = YES_ERROR;
				GCC_WARN_UNDECLARED_SELECTOR = YES;
				GCC_WARN_UNINITIALIZED_AUTOS = YES_AGGRESSIVE;
				GCC_WARN_UNUSED_FUNCTION = YES;
				GCC_WARN_UNUSED_VARIABLE = YES;
				IPHONEOS_DEPLOYMENT_TARGET = 17.2;
				LOCALIZATION_PREFERS_STRING_CATALOGS = YES;
				MTL_ENABLE_DEBUG_INFO = INCLUDE_SOURCE;
				MTL_FAST_MATH = YES;
				ONLY_ACTIVE_ARCH = YES;
				SDKROOT = iphoneos;
				SWIFT_ACTIVE_COMPILATION_CONDITIONS = "DEBUG $(inherited)";
				SWIFT_OPTIMIZATION_LEVEL = "-Onone";
			};
			name = Debug;
		};
		05C93BD72BDF4CCB0035FA61 /* Release */ = {
			isa = XCBuildConfiguration;
			buildSettings = {
				ALWAYS_SEARCH_USER_PATHS = NO;
				ASSETCATALOG_COMPILER_GENERATE_SWIFT_ASSET_SYMBOL_EXTENSIONS = YES;
				CLANG_ANALYZER_NONNULL = YES;
				CLANG_ANALYZER_NUMBER_OBJECT_CONVERSION = YES_AGGRESSIVE;
				CLANG_CXX_LANGUAGE_STANDARD = "gnu++20";
				CLANG_ENABLE_MODULES = YES;
				CLANG_ENABLE_OBJC_ARC = YES;
				CLANG_ENABLE_OBJC_WEAK = YES;
				CLANG_WARN_BLOCK_CAPTURE_AUTORELEASING = YES;
				CLANG_WARN_BOOL_CONVERSION = YES;
				CLANG_WARN_COMMA = YES;
				CLANG_WARN_CONSTANT_CONVERSION = YES;
				CLANG_WARN_DEPRECATED_OBJC_IMPLEMENTATIONS = YES;
				CLANG_WARN_DIRECT_OBJC_ISA_USAGE = YES_ERROR;
				CLANG_WARN_DOCUMENTATION_COMMENTS = YES;
				CLANG_WARN_EMPTY_BODY = YES;
				CLANG_WARN_ENUM_CONVERSION = YES;
				CLANG_WARN_INFINITE_RECURSION = YES;
				CLANG_WARN_INT_CONVERSION = YES;
				CLANG_WARN_NON_LITERAL_NULL_CONVERSION = YES;
				CLANG_WARN_OBJC_IMPLICIT_RETAIN_SELF = YES;
				CLANG_WARN_OBJC_LITERAL_CONVERSION = YES;
				CLANG_WARN_OBJC_ROOT_CLASS = YES_ERROR;
				CLANG_WARN_QUOTED_INCLUDE_IN_FRAMEWORK_HEADER = YES;
				CLANG_WARN_RANGE_LOOP_ANALYSIS = YES;
				CLANG_WARN_STRICT_PROTOTYPES = YES;
				CLANG_WARN_SUSPICIOUS_MOVE = YES;
				CLANG_WARN_UNGUARDED_AVAILABILITY = YES_AGGRESSIVE;
				CLANG_WARN_UNREACHABLE_CODE = YES;
				CLANG_WARN__DUPLICATE_METHOD_MATCH = YES;
				COPY_PHASE_STRIP = NO;
				DEBUG_INFORMATION_FORMAT = "dwarf-with-dsym";
				ENABLE_NS_ASSERTIONS = NO;
				ENABLE_STRICT_OBJC_MSGSEND = YES;
				ENABLE_USER_SCRIPT_SANDBOXING = YES;
				GCC_C_LANGUAGE_STANDARD = gnu17;
				GCC_NO_COMMON_BLOCKS = YES;
				GCC_WARN_64_TO_32_BIT_CONVERSION = YES;
				GCC_WARN_ABOUT_RETURN_TYPE = YES_ERROR;
				GCC_WARN_UNDECLARED_SELECTOR = YES;
				GCC_WARN_UNINITIALIZED_AUTOS = YES_AGGRESSIVE;
				GCC_WARN_UNUSED_FUNCTION = YES;
				GCC_WARN_UNUSED_VARIABLE = YES;
				IPHONEOS_DEPLOYMENT_TARGET = 17.2;
				LOCALIZATION_PREFERS_STRING_CATALOGS = YES;
				MTL_ENABLE_DEBUG_INFO = NO;
				MTL_FAST_MATH = YES;
				SDKROOT = iphoneos;
				SWIFT_COMPILATION_MODE = wholemodule;
				VALIDATE_PRODUCT = YES;
			};
			name = Release;
		};
		05C93BD92BDF4CCB0035FA61 /* Debug */ = {
			isa = XCBuildConfiguration;
			buildSettings = {
				ASSETCATALOG_COMPILER_APPICON_NAME = AppIcon;
				ASSETCATALOG_COMPILER_GLOBAL_ACCENT_COLOR_NAME = AccentColor;
				CLANG_ENABLE_MODULES = YES;
				CODE_SIGN_STYLE = Automatic;
				CURRENT_PROJECT_VERSION = 1;
				DEVELOPMENT_TEAM = P533CX5FTN;
				GENERATE_INFOPLIST_FILE = YES;
				INFOPLIST_FILE = QueueSkipper/Info.plist;
				INFOPLIST_KEY_UIApplicationSupportsIndirectInputEvents = YES;
				INFOPLIST_KEY_UILaunchStoryboardName = LaunchScreen;
				INFOPLIST_KEY_UIMainStoryboardFile = Main;
				INFOPLIST_KEY_UISupportedInterfaceOrientations_iPad = "UIInterfaceOrientationPortrait UIInterfaceOrientationPortraitUpsideDown UIInterfaceOrientationLandscapeLeft UIInterfaceOrientationLandscapeRight";
				INFOPLIST_KEY_UISupportedInterfaceOrientations_iPhone = "UIInterfaceOrientationPortrait UIInterfaceOrientationLandscapeLeft UIInterfaceOrientationLandscapeRight";
				LD_RUNPATH_SEARCH_PATHS = (
					"$(inherited)",
					"@executable_path/Frameworks",
				);
				MARKETING_VERSION = 1.0;
				PRODUCT_BUNDLE_IDENTIFIER = com.vinyak;
				PRODUCT_NAME = "$(TARGET_NAME)";
				SWIFT_EMIT_LOC_STRINGS = YES;
				SWIFT_OBJC_BRIDGING_HEADER = "QueueSkipper/QueueSkipper-Bridging-Header.h";
				SWIFT_OPTIMIZATION_LEVEL = "-Onone";
				SWIFT_VERSION = 5.0;
				TARGETED_DEVICE_FAMILY = "1,2";
			};
			name = Debug;
		};
		05C93BDA2BDF4CCB0035FA61 /* Release */ = {
			isa = XCBuildConfiguration;
			buildSettings = {
				ASSETCATALOG_COMPILER_APPICON_NAME = AppIcon;
				ASSETCATALOG_COMPILER_GLOBAL_ACCENT_COLOR_NAME = AccentColor;
				CLANG_ENABLE_MODULES = YES;
				CODE_SIGN_STYLE = Automatic;
				CURRENT_PROJECT_VERSION = 1;
				DEVELOPMENT_TEAM = P533CX5FTN;
				GENERATE_INFOPLIST_FILE = YES;
				INFOPLIST_FILE = QueueSkipper/Info.plist;
				INFOPLIST_KEY_UIApplicationSupportsIndirectInputEvents = YES;
				INFOPLIST_KEY_UILaunchStoryboardName = LaunchScreen;
				INFOPLIST_KEY_UIMainStoryboardFile = Main;
				INFOPLIST_KEY_UISupportedInterfaceOrientations_iPad = "UIInterfaceOrientationPortrait UIInterfaceOrientationPortraitUpsideDown UIInterfaceOrientationLandscapeLeft UIInterfaceOrientationLandscapeRight";
				INFOPLIST_KEY_UISupportedInterfaceOrientations_iPhone = "UIInterfaceOrientationPortrait UIInterfaceOrientationLandscapeLeft UIInterfaceOrientationLandscapeRight";
				LD_RUNPATH_SEARCH_PATHS = (
					"$(inherited)",
					"@executable_path/Frameworks",
				);
				MARKETING_VERSION = 1.0;
				PRODUCT_BUNDLE_IDENTIFIER = com.vinyak;
				PRODUCT_NAME = "$(TARGET_NAME)";
				SWIFT_EMIT_LOC_STRINGS = YES;
				SWIFT_OBJC_BRIDGING_HEADER = "QueueSkipper/QueueSkipper-Bridging-Header.h";
				SWIFT_VERSION = 5.0;
				TARGETED_DEVICE_FAMILY = "1,2";
			};
			name = Release;
		};
/* End XCBuildConfiguration section */

/* Begin XCConfigurationList section */
		05C93BBF2BDF4CCA0035FA61 /* Build configuration list for PBXProject "QueueSkipper" */ = {
			isa = XCConfigurationList;
			buildConfigurations = (
				05C93BD62BDF4CCB0035FA61 /* Debug */,
				05C93BD72BDF4CCB0035FA61 /* Release */,
			);
			defaultConfigurationIsVisible = 0;
			defaultConfigurationName = Release;
		};
		05C93BD82BDF4CCB0035FA61 /* Build configuration list for PBXNativeTarget "QueueSkipper" */ = {
			isa = XCConfigurationList;
			buildConfigurations = (
				05C93BD92BDF4CCB0035FA61 /* Debug */,
				05C93BDA2BDF4CCB0035FA61 /* Release */,
			);
			defaultConfigurationIsVisible = 0;
			defaultConfigurationName = Release;
		};
/* End XCConfigurationList section */
	};
	rootObject = 05C93BBC2BDF4CCA0035FA61 /* Project object */;
}
