// !$*UTF8*$!
{
	archiveVersion = 1;
	classes = {
	};
	objectVersion = 56;
	objects = {

/* Begin PBXBuildFile section */
		0522898B2C0AEF81009E86E9 /* auth.storyboard in Resources */ = {isa = PBXBuildFile; fileRef = 0522898A2C0AEF81009E86E9 /* auth.storyboard */; };
		0522898D2C0AF254009E86E9 /* AuthViewController.swift in Sources */ = {isa = PBXBuildFile; fileRef = 0522898C2C0AF254009E86E9 /* AuthViewController.swift */; };
		0522898F2C0AF902009E86E9 /* UserDataModel.swift in Sources */ = {isa = PBXBuildFile; fileRef = 0522898E2C0AF902009E86E9 /* UserDataModel.swift */; };
		052289912C0AFD86009E86E9 /* GoogleService-Info.plist in Resources */ = {isa = PBXBuildFile; fileRef = 052289902C0AFD86009E86E9 /* GoogleService-Info.plist */; };
		052289942C0AFDE5009E86E9 /* FirebaseAnalytics in Frameworks */ = {isa = PBXBuildFile; productRef = 052289932C0AFDE5009E86E9 /* FirebaseAnalytics */; };
		052289962C0AFDE5009E86E9 /* FirebaseAnalyticsOnDeviceConversion in Frameworks */ = {isa = PBXBuildFile; productRef = 052289952C0AFDE5009E86E9 /* FirebaseAnalyticsOnDeviceConversion */; };
		052289982C0AFDE5009E86E9 /* FirebaseAnalyticsSwift in Frameworks */ = {isa = PBXBuildFile; productRef = 052289972C0AFDE5009E86E9 /* FirebaseAnalyticsSwift */; };
		0522899A2C0AFDE5009E86E9 /* FirebaseAnalyticsWithoutAdIdSupport in Frameworks */ = {isa = PBXBuildFile; productRef = 052289992C0AFDE5009E86E9 /* FirebaseAnalyticsWithoutAdIdSupport */; };
		0522899C2C0AFDE5009E86E9 /* FirebaseAppCheck in Frameworks */ = {isa = PBXBuildFile; productRef = 0522899B2C0AFDE5009E86E9 /* FirebaseAppCheck */; };
		0522899E2C0AFDE5009E86E9 /* FirebaseAppDistribution-Beta in Frameworks */ = {isa = PBXBuildFile; productRef = 0522899D2C0AFDE5009E86E9 /* FirebaseAppDistribution-Beta */; };
		052289A02C0AFDE5009E86E9 /* FirebaseAuth in Frameworks */ = {isa = PBXBuildFile; productRef = 0522899F2C0AFDE5009E86E9 /* FirebaseAuth */; };
		052289A22C0AFDE5009E86E9 /* FirebaseAuthCombine-Community in Frameworks */ = {isa = PBXBuildFile; productRef = 052289A12C0AFDE5009E86E9 /* FirebaseAuthCombine-Community */; };
		052289A42C0AFDE5009E86E9 /* FirebaseCrashlytics in Frameworks */ = {isa = PBXBuildFile; productRef = 052289A32C0AFDE5009E86E9 /* FirebaseCrashlytics */; };
		052289A62C0AFDE5009E86E9 /* FirebaseDatabase in Frameworks */ = {isa = PBXBuildFile; productRef = 052289A52C0AFDE5009E86E9 /* FirebaseDatabase */; };
		052289A82C0AFDE5009E86E9 /* FirebaseDatabaseSwift in Frameworks */ = {isa = PBXBuildFile; productRef = 052289A72C0AFDE5009E86E9 /* FirebaseDatabaseSwift */; };
		052289AA2C0AFDE5009E86E9 /* FirebaseDynamicLinks in Frameworks */ = {isa = PBXBuildFile; productRef = 052289A92C0AFDE5009E86E9 /* FirebaseDynamicLinks */; };
		052289AC2C0AFDE5009E86E9 /* FirebaseFirestore in Frameworks */ = {isa = PBXBuildFile; productRef = 052289AB2C0AFDE5009E86E9 /* FirebaseFirestore */; };
		052289AE2C0AFDE5009E86E9 /* FirebaseFirestoreCombine-Community in Frameworks */ = {isa = PBXBuildFile; productRef = 052289AD2C0AFDE5009E86E9 /* FirebaseFirestoreCombine-Community */; };
		052289B02C0AFDE5009E86E9 /* FirebaseFirestoreSwift in Frameworks */ = {isa = PBXBuildFile; productRef = 052289AF2C0AFDE5009E86E9 /* FirebaseFirestoreSwift */; };
		052289B22C0AFDE5009E86E9 /* FirebaseFunctions in Frameworks */ = {isa = PBXBuildFile; productRef = 052289B12C0AFDE5009E86E9 /* FirebaseFunctions */; };
		052289B42C0AFDE5009E86E9 /* FirebaseFunctionsCombine-Community in Frameworks */ = {isa = PBXBuildFile; productRef = 052289B32C0AFDE5009E86E9 /* FirebaseFunctionsCombine-Community */; };
		052289B62C0AFDE5009E86E9 /* FirebaseInAppMessaging-Beta in Frameworks */ = {isa = PBXBuildFile; productRef = 052289B52C0AFDE5009E86E9 /* FirebaseInAppMessaging-Beta */; };
		052289B82C0AFDE5009E86E9 /* FirebaseInAppMessagingSwift-Beta in Frameworks */ = {isa = PBXBuildFile; productRef = 052289B72C0AFDE5009E86E9 /* FirebaseInAppMessagingSwift-Beta */; };
		052289BA2C0AFDE5009E86E9 /* FirebaseInstallations in Frameworks */ = {isa = PBXBuildFile; productRef = 052289B92C0AFDE5009E86E9 /* FirebaseInstallations */; };
		052289BC2C0AFDE5009E86E9 /* FirebaseMLModelDownloader in Frameworks */ = {isa = PBXBuildFile; productRef = 052289BB2C0AFDE5009E86E9 /* FirebaseMLModelDownloader */; };
		052289BE2C0AFDE5009E86E9 /* FirebaseMessaging in Frameworks */ = {isa = PBXBuildFile; productRef = 052289BD2C0AFDE5009E86E9 /* FirebaseMessaging */; };
		052289C02C0AFDE5009E86E9 /* FirebasePerformance in Frameworks */ = {isa = PBXBuildFile; productRef = 052289BF2C0AFDE5009E86E9 /* FirebasePerformance */; };
		052289C22C0AFDE5009E86E9 /* FirebaseRemoteConfig in Frameworks */ = {isa = PBXBuildFile; productRef = 052289C12C0AFDE5009E86E9 /* FirebaseRemoteConfig */; };
		052289C42C0AFDE5009E86E9 /* FirebaseRemoteConfigSwift in Frameworks */ = {isa = PBXBuildFile; productRef = 052289C32C0AFDE5009E86E9 /* FirebaseRemoteConfigSwift */; };
		052289C62C0AFDE5009E86E9 /* FirebaseStorage in Frameworks */ = {isa = PBXBuildFile; productRef = 052289C52C0AFDE5009E86E9 /* FirebaseStorage */; };
		052289C82C0AFDE5009E86E9 /* FirebaseStorageCombine-Community in Frameworks */ = {isa = PBXBuildFile; productRef = 052289C72C0AFDE5009E86E9 /* FirebaseStorageCombine-Community */; };
		052289CA2C0AFDE5009E86E9 /* FirebaseVertexAI-Preview in Frameworks */ = {isa = PBXBuildFile; productRef = 052289C92C0AFDE5009E86E9 /* FirebaseVertexAI-Preview */; };
		052289CC2C0B0605009E86E9 /* LoginViewController.swift in Sources */ = {isa = PBXBuildFile; fileRef = 052289CB2C0B0605009E86E9 /* LoginViewController.swift */; };
		054106F62C098926001739D8 /* RestaurantController.swift in Sources */ = {isa = PBXBuildFile; fileRef = 054106F52C098926001739D8 /* RestaurantController.swift */; };
		0574093B2BF72316000303B2 /* MenuViewController.swift in Sources */ = {isa = PBXBuildFile; fileRef = 0574093A2BF72316000303B2 /* MenuViewController.swift */; };
		0598D6F32BF716CE00425F46 /* MyOrdersTableViewController.swift in Sources */ = {isa = PBXBuildFile; fileRef = 0598D6F22BF716CE00425F46 /* MyOrdersTableViewController.swift */; };
		0598D6F72BF71AA400425F46 /* OrdersTableViewCell.swift in Sources */ = {isa = PBXBuildFile; fileRef = 0598D6F62BF71AA400425F46 /* OrdersTableViewCell.swift */; };
		0598D6F92BF7207C00425F46 /* MyOrders.swift in Sources */ = {isa = PBXBuildFile; fileRef = 0598D6F82BF7207C00425F46 /* MyOrders.swift */; };
		05A7991F2C0DCCBE00DEFA55 /* TabViewController.swift in Sources */ = {isa = PBXBuildFile; fileRef = 05A7991E2C0DCCBE00DEFA55 /* TabViewController.swift */; };
		05AFDB882BF60FB500878F68 /* Favourites.storyboard in Resources */ = {isa = PBXBuildFile; fileRef = 05AFDB872BF60FB500878F68 /* Favourites.storyboard */; };
		05AFDB8A2BF6100A00878F68 /* MyOrders.storyboard in Resources */ = {isa = PBXBuildFile; fileRef = 05AFDB892BF6100A00878F68 /* MyOrders.storyboard */; };
		05AFDB8C2BF6105F00878F68 /* Restaurants.storyboard in Resources */ = {isa = PBXBuildFile; fileRef = 05AFDB8B2BF6105F00878F68 /* Restaurants.storyboard */; };
		05AFDB8E2BF6115C00878F68 /* Profile.storyboard in Resources */ = {isa = PBXBuildFile; fileRef = 05AFDB8D2BF6115C00878F68 /* Profile.storyboard */; };
		05AFDB942BF616A700878F68 /* FavouritesViewController.swift in Sources */ = {isa = PBXBuildFile; fileRef = 05AFDB932BF616A700878F68 /* FavouritesViewController.swift */; };
		05C7489B2C0835280047B4D5 /* ResponseModel.swift in Sources */ = {isa = PBXBuildFile; fileRef = 05C7489A2C0835280047B4D5 /* ResponseModel.swift */; };
		05C8CFB82BFB5FAF00279977 /* RestaurantDetails.xib in Resources */ = {isa = PBXBuildFile; fileRef = 05C8CFB72BFB5FAF00279977 /* RestaurantDetails.xib */; };
		05C8CFBA2BFB63F300279977 /* RestaurantDetailsCollectionViewCell.swift in Sources */ = {isa = PBXBuildFile; fileRef = 05C8CFB92BFB63F300279977 /* RestaurantDetailsCollectionViewCell.swift */; };
		05C93BC82BDF4CCA0035FA61 /* AppDelegate.swift in Sources */ = {isa = PBXBuildFile; fileRef = 05C93BC72BDF4CCA0035FA61 /* AppDelegate.swift */; };
		05C93BCA2BDF4CCA0035FA61 /* SceneDelegate.swift in Sources */ = {isa = PBXBuildFile; fileRef = 05C93BC92BDF4CCA0035FA61 /* SceneDelegate.swift */; };
		05C93BCC2BDF4CCA0035FA61 /* ViewController.swift in Sources */ = {isa = PBXBuildFile; fileRef = 05C93BCB2BDF4CCA0035FA61 /* ViewController.swift */; };
		05C93BCF2BDF4CCA0035FA61 /* Main.storyboard in Resources */ = {isa = PBXBuildFile; fileRef = 05C93BCD2BDF4CCA0035FA61 /* Main.storyboard */; };
		05C93BD12BDF4CCB0035FA61 /* Assets.xcassets in Resources */ = {isa = PBXBuildFile; fileRef = 05C93BD02BDF4CCB0035FA61 /* Assets.xcassets */; };
		05E4608D2BF4D33600E0108C /* Restaurant.swift in Sources */ = {isa = PBXBuildFile; fileRef = 05E4608C2BF4D33600E0108C /* Restaurant.swift */; };
		05F8D0F12C05C90600581125 /* MyCart.storyboard in Resources */ = {isa = PBXBuildFile; fileRef = 05F8D0F02C05C90600581125 /* MyCart.storyboard */; };
		05F8D0F32C05C99600581125 /* MyCartViewController.swift in Sources */ = {isa = PBXBuildFile; fileRef = 05F8D0F22C05C99600581125 /* MyCartViewController.swift */; };
		05F8D0F52C05CA7800581125 /* MyCartTableViewCell.swift in Sources */ = {isa = PBXBuildFile; fileRef = 05F8D0F42C05CA7800581125 /* MyCartTableViewCell.swift */; };
		05F8D0F72C05CAAA00581125 /* PreOrderTableViewController.swift in Sources */ = {isa = PBXBuildFile; fileRef = 05F8D0F62C05CAAA00581125 /* PreOrderTableViewController.swift */; };
		05F8D0F92C05ECD700581125 /* NetworkUtils.swift in Sources */ = {isa = PBXBuildFile; fileRef = 05F8D0F82C05ECD700581125 /* NetworkUtils.swift */; };
		726507E82BFBB8BE00D579FF /* ProfileInfoTableViewCell.swift in Sources */ = {isa = PBXBuildFile; fileRef = 726507E72BFBB8BE00D579FF /* ProfileInfoTableViewCell.swift */; };
		72B54F792BFB65610050DD7F /* ProfileTableViewController.swift in Sources */ = {isa = PBXBuildFile; fileRef = 72B54F782BFB65610050DD7F /* ProfileTableViewController.swift */; };
		72CD1C752C103279002A7DC0 /* Location.storyboard in Resources */ = {isa = PBXBuildFile; fileRef = 72CD1C742C103279002A7DC0 /* Location.storyboard */; };
		72CD1C772C103341002A7DC0 /* AvailableLocationsViewController.swift in Sources */ = {isa = PBXBuildFile; fileRef = 72CD1C762C103341002A7DC0 /* AvailableLocationsViewController.swift */; };
		72CD1C792C103361002A7DC0 /* LocationViewController.swift in Sources */ = {isa = PBXBuildFile; fileRef = 72CD1C782C103361002A7DC0 /* LocationViewController.swift */; };
		72DBDF412C107539008B4B83 /* UserController.swift in Sources */ = {isa = PBXBuildFile; fileRef = 72DBDF402C107539008B4B83 /* UserController.swift */; };
		A00E461E2C0090B800D494A3 /* Favourite.xib in Resources */ = {isa = PBXBuildFile; fileRef = A00E461D2C0090B800D494A3 /* Favourite.xib */; };
		A03CE6F32BFB92BB00803028 /* FeaturedItems.xib in Resources */ = {isa = PBXBuildFile; fileRef = A03CE6F22BFB92BB00803028 /* FeaturedItems.xib */; };
		A03CE6F52BFB95ED00803028 /* FeaturedItemsCollectionViewCell.swift in Sources */ = {isa = PBXBuildFile; fileRef = A03CE6F42BFB95ED00803028 /* FeaturedItemsCollectionViewCell.swift */; };
		A03CE6F72BFBA0E100803028 /* Menu.xib in Resources */ = {isa = PBXBuildFile; fileRef = A03CE6F62BFBA0E100803028 /* Menu.xib */; };
		A03CE6F92BFBA33900803028 /* MenuCollectionViewCell.swift in Sources */ = {isa = PBXBuildFile; fileRef = A03CE6F82BFBA33900803028 /* MenuCollectionViewCell.swift */; };
		A077D1592C00A88000A94830 /* HomeBanner.xib in Resources */ = {isa = PBXBuildFile; fileRef = A077D1582C00A88000A94830 /* HomeBanner.xib */; };
		A077D15B2C00AB8500A94830 /* HomeViewController.swift in Sources */ = {isa = PBXBuildFile; fileRef = A077D15A2C00AB8500A94830 /* HomeViewController.swift */; };
		A0D0AE542C043C1000129DEB /* HomeBannerCollectionViewCell.swift in Sources */ = {isa = PBXBuildFile; fileRef = A0D0AE532C043C1000129DEB /* HomeBannerCollectionViewCell.swift */; };
		A0D0AE582C04545D00129DEB /* HeaderCollectionReusableView.swift in Sources */ = {isa = PBXBuildFile; fileRef = A0D0AE572C04545D00129DEB /* HeaderCollectionReusableView.swift */; };
		A0D0AE5A2C04643B00129DEB /* RestaurantList.xib in Resources */ = {isa = PBXBuildFile; fileRef = A0D0AE592C04643B00129DEB /* RestaurantList.xib */; };
		A0D0AE5C2C0465A000129DEB /* RestaurantListCollectionViewCell.swift in Sources */ = {isa = PBXBuildFile; fileRef = A0D0AE5B2C0465A000129DEB /* RestaurantListCollectionViewCell.swift */; };
		A0D386EA2BFD0BE2002E1F1E /* FavouriteDish.swift in Sources */ = {isa = PBXBuildFile; fileRef = A0D386E92BFD0BE2002E1F1E /* FavouriteDish.swift */; };
/* End PBXBuildFile section */

/* Begin PBXFileReference section */
		0522898A2C0AEF81009E86E9 /* auth.storyboard */ = {isa = PBXFileReference; lastKnownFileType = file.storyboard; path = auth.storyboard; sourceTree = "<group>"; };
		0522898C2C0AF254009E86E9 /* AuthViewController.swift */ = {isa = PBXFileReference; lastKnownFileType = sourcecode.swift; path = AuthViewController.swift; sourceTree = "<group>"; };
		0522898E2C0AF902009E86E9 /* UserDataModel.swift */ = {isa = PBXFileReference; lastKnownFileType = sourcecode.swift; path = UserDataModel.swift; sourceTree = "<group>"; };
		052289902C0AFD86009E86E9 /* GoogleService-Info.plist */ = {isa = PBXFileReference; fileEncoding = 4; lastKnownFileType = text.plist.xml; path = "GoogleService-Info.plist"; sourceTree = "<group>"; };
		052289CB2C0B0605009E86E9 /* LoginViewController.swift */ = {isa = PBXFileReference; lastKnownFileType = sourcecode.swift; path = LoginViewController.swift; sourceTree = "<group>"; };
		054106F52C098926001739D8 /* RestaurantController.swift */ = {isa = PBXFileReference; lastKnownFileType = sourcecode.swift; path = RestaurantController.swift; sourceTree = "<group>"; };
		0574093A2BF72316000303B2 /* MenuViewController.swift */ = {isa = PBXFileReference; lastKnownFileType = sourcecode.swift; path = MenuViewController.swift; sourceTree = "<group>"; };
		0598D6F22BF716CE00425F46 /* MyOrdersTableViewController.swift */ = {isa = PBXFileReference; lastKnownFileType = sourcecode.swift; path = MyOrdersTableViewController.swift; sourceTree = "<group>"; };
		0598D6F62BF71AA400425F46 /* OrdersTableViewCell.swift */ = {isa = PBXFileReference; lastKnownFileType = sourcecode.swift; path = OrdersTableViewCell.swift; sourceTree = "<group>"; };
		0598D6F82BF7207C00425F46 /* MyOrders.swift */ = {isa = PBXFileReference; lastKnownFileType = sourcecode.swift; path = MyOrders.swift; sourceTree = "<group>"; };
		05A7991E2C0DCCBE00DEFA55 /* TabViewController.swift */ = {isa = PBXFileReference; lastKnownFileType = sourcecode.swift; path = TabViewController.swift; sourceTree = "<group>"; };
		05AFDB872BF60FB500878F68 /* Favourites.storyboard */ = {isa = PBXFileReference; lastKnownFileType = file.storyboard; path = Favourites.storyboard; sourceTree = "<group>"; };
		05AFDB892BF6100A00878F68 /* MyOrders.storyboard */ = {isa = PBXFileReference; lastKnownFileType = file.storyboard; path = MyOrders.storyboard; sourceTree = "<group>"; };
		05AFDB8B2BF6105F00878F68 /* Restaurants.storyboard */ = {isa = PBXFileReference; lastKnownFileType = file.storyboard; path = Restaurants.storyboard; sourceTree = "<group>"; };
		05AFDB8D2BF6115C00878F68 /* Profile.storyboard */ = {isa = PBXFileReference; lastKnownFileType = file.storyboard; path = Profile.storyboard; sourceTree = "<group>"; };
		05AFDB932BF616A700878F68 /* FavouritesViewController.swift */ = {isa = PBXFileReference; lastKnownFileType = sourcecode.swift; path = FavouritesViewController.swift; sourceTree = "<group>"; };
		05C7489A2C0835280047B4D5 /* ResponseModel.swift */ = {isa = PBXFileReference; lastKnownFileType = sourcecode.swift; path = ResponseModel.swift; sourceTree = "<group>"; };
		05C8CFB72BFB5FAF00279977 /* RestaurantDetails.xib */ = {isa = PBXFileReference; lastKnownFileType = file.xib; path = RestaurantDetails.xib; sourceTree = "<group>"; };
		05C8CFB92BFB63F300279977 /* RestaurantDetailsCollectionViewCell.swift */ = {isa = PBXFileReference; lastKnownFileType = sourcecode.swift; path = RestaurantDetailsCollectionViewCell.swift; sourceTree = "<group>"; };
		05C93BC42BDF4CCA0035FA61 /* QueueSkipper.app */ = {isa = PBXFileReference; explicitFileType = wrapper.application; includeInIndex = 0; path = QueueSkipper.app; sourceTree = BUILT_PRODUCTS_DIR; };
		05C93BC72BDF4CCA0035FA61 /* AppDelegate.swift */ = {isa = PBXFileReference; lastKnownFileType = sourcecode.swift; path = AppDelegate.swift; sourceTree = "<group>"; };
		05C93BC92BDF4CCA0035FA61 /* SceneDelegate.swift */ = {isa = PBXFileReference; lastKnownFileType = sourcecode.swift; path = SceneDelegate.swift; sourceTree = "<group>"; };
		05C93BCB2BDF4CCA0035FA61 /* ViewController.swift */ = {isa = PBXFileReference; lastKnownFileType = sourcecode.swift; path = ViewController.swift; sourceTree = "<group>"; };
		05C93BCE2BDF4CCA0035FA61 /* Base */ = {isa = PBXFileReference; lastKnownFileType = file.storyboard; name = Base; path = Base.lproj/Main.storyboard; sourceTree = "<group>"; };
		05C93BD02BDF4CCB0035FA61 /* Assets.xcassets */ = {isa = PBXFileReference; lastKnownFileType = folder.assetcatalog; path = Assets.xcassets; sourceTree = "<group>"; };
		05C93BD52BDF4CCB0035FA61 /* Info.plist */ = {isa = PBXFileReference; lastKnownFileType = text.plist.xml; path = Info.plist; sourceTree = "<group>"; };
		05E4608C2BF4D33600E0108C /* Restaurant.swift */ = {isa = PBXFileReference; lastKnownFileType = sourcecode.swift; path = Restaurant.swift; sourceTree = "<group>"; };
		05F8D0F02C05C90600581125 /* MyCart.storyboard */ = {isa = PBXFileReference; lastKnownFileType = file.storyboard; path = MyCart.storyboard; sourceTree = "<group>"; };
		05F8D0F22C05C99600581125 /* MyCartViewController.swift */ = {isa = PBXFileReference; lastKnownFileType = sourcecode.swift; name = MyCartViewController.swift; path = ../MyCartViewController.swift; sourceTree = "<group>"; };
		05F8D0F42C05CA7800581125 /* MyCartTableViewCell.swift */ = {isa = PBXFileReference; lastKnownFileType = sourcecode.swift; path = MyCartTableViewCell.swift; sourceTree = "<group>"; };
		05F8D0F62C05CAAA00581125 /* PreOrderTableViewController.swift */ = {isa = PBXFileReference; lastKnownFileType = sourcecode.swift; path = PreOrderTableViewController.swift; sourceTree = "<group>"; };
		05F8D0F82C05ECD700581125 /* NetworkUtils.swift */ = {isa = PBXFileReference; lastKnownFileType = sourcecode.swift; path = NetworkUtils.swift; sourceTree = "<group>"; };
		72255ACC2BFB575500CDFD89 /* QueueSkipper-Bridging-Header.h */ = {isa = PBXFileReference; lastKnownFileType = sourcecode.c.h; path = "QueueSkipper-Bridging-Header.h"; sourceTree = "<group>"; };
		726507E72BFBB8BE00D579FF /* ProfileInfoTableViewCell.swift */ = {isa = PBXFileReference; lastKnownFileType = sourcecode.swift; path = ProfileInfoTableViewCell.swift; sourceTree = "<group>"; };
		72B54F782BFB65610050DD7F /* ProfileTableViewController.swift */ = {isa = PBXFileReference; lastKnownFileType = sourcecode.swift; path = ProfileTableViewController.swift; sourceTree = "<group>"; };
		72CD1C742C103279002A7DC0 /* Location.storyboard */ = {isa = PBXFileReference; lastKnownFileType = file.storyboard; path = Location.storyboard; sourceTree = "<group>"; };
		72CD1C762C103341002A7DC0 /* AvailableLocationsViewController.swift */ = {isa = PBXFileReference; lastKnownFileType = sourcecode.swift; path = AvailableLocationsViewController.swift; sourceTree = "<group>"; };
		72CD1C782C103361002A7DC0 /* LocationViewController.swift */ = {isa = PBXFileReference; lastKnownFileType = sourcecode.swift; path = LocationViewController.swift; sourceTree = "<group>"; };
		72DBDF402C107539008B4B83 /* UserController.swift */ = {isa = PBXFileReference; lastKnownFileType = sourcecode.swift; path = UserController.swift; sourceTree = "<group>"; };
		A00E461D2C0090B800D494A3 /* Favourite.xib */ = {isa = PBXFileReference; lastKnownFileType = file.xib; path = Favourite.xib; sourceTree = "<group>"; };
		A03CE6F22BFB92BB00803028 /* FeaturedItems.xib */ = {isa = PBXFileReference; lastKnownFileType = file.xib; path = FeaturedItems.xib; sourceTree = "<group>"; };
		A03CE6F42BFB95ED00803028 /* FeaturedItemsCollectionViewCell.swift */ = {isa = PBXFileReference; lastKnownFileType = sourcecode.swift; path = FeaturedItemsCollectionViewCell.swift; sourceTree = "<group>"; };
		A03CE6F62BFBA0E100803028 /* Menu.xib */ = {isa = PBXFileReference; lastKnownFileType = file.xib; path = Menu.xib; sourceTree = "<group>"; };
		A03CE6F82BFBA33900803028 /* MenuCollectionViewCell.swift */ = {isa = PBXFileReference; lastKnownFileType = sourcecode.swift; path = MenuCollectionViewCell.swift; sourceTree = "<group>"; };
		A077D1582C00A88000A94830 /* HomeBanner.xib */ = {isa = PBXFileReference; lastKnownFileType = file.xib; path = HomeBanner.xib; sourceTree = "<group>"; };
		A077D15A2C00AB8500A94830 /* HomeViewController.swift */ = {isa = PBXFileReference; lastKnownFileType = sourcecode.swift; path = HomeViewController.swift; sourceTree = "<group>"; };
		A0D0AE532C043C1000129DEB /* HomeBannerCollectionViewCell.swift */ = {isa = PBXFileReference; lastKnownFileType = sourcecode.swift; path = HomeBannerCollectionViewCell.swift; sourceTree = "<group>"; };
		A0D0AE572C04545D00129DEB /* HeaderCollectionReusableView.swift */ = {isa = PBXFileReference; lastKnownFileType = sourcecode.swift; path = HeaderCollectionReusableView.swift; sourceTree = "<group>"; };
		A0D0AE592C04643B00129DEB /* RestaurantList.xib */ = {isa = PBXFileReference; lastKnownFileType = file.xib; path = RestaurantList.xib; sourceTree = "<group>"; };
		A0D0AE5B2C0465A000129DEB /* RestaurantListCollectionViewCell.swift */ = {isa = PBXFileReference; lastKnownFileType = sourcecode.swift; path = RestaurantListCollectionViewCell.swift; sourceTree = "<group>"; };
		A0D386E92BFD0BE2002E1F1E /* FavouriteDish.swift */ = {isa = PBXFileReference; lastKnownFileType = sourcecode.swift; path = FavouriteDish.swift; sourceTree = "<group>"; };
/* End PBXFileReference section */

/* Begin PBXFrameworksBuildPhase section */
		05C93BC12BDF4CCA0035FA61 /* Frameworks */ = {
			isa = PBXFrameworksBuildPhase;
			buildActionMask = 2147483647;
			files = (
				052289A62C0AFDE5009E86E9 /* FirebaseDatabase in Frameworks */,
				052289B42C0AFDE5009E86E9 /* FirebaseFunctionsCombine-Community in Frameworks */,
				052289AC2C0AFDE5009E86E9 /* FirebaseFirestore in Frameworks */,
				052289982C0AFDE5009E86E9 /* FirebaseAnalyticsSwift in Frameworks */,
				052289942C0AFDE5009E86E9 /* FirebaseAnalytics in Frameworks */,
				052289962C0AFDE5009E86E9 /* FirebaseAnalyticsOnDeviceConversion in Frameworks */,
				052289BC2C0AFDE5009E86E9 /* FirebaseMLModelDownloader in Frameworks */,
				052289B02C0AFDE5009E86E9 /* FirebaseFirestoreSwift in Frameworks */,
				0522899C2C0AFDE5009E86E9 /* FirebaseAppCheck in Frameworks */,
				0522899A2C0AFDE5009E86E9 /* FirebaseAnalyticsWithoutAdIdSupport in Frameworks */,
				052289A02C0AFDE5009E86E9 /* FirebaseAuth in Frameworks */,
				052289A42C0AFDE5009E86E9 /* FirebaseCrashlytics in Frameworks */,
				052289C42C0AFDE5009E86E9 /* FirebaseRemoteConfigSwift in Frameworks */,
				052289B62C0AFDE5009E86E9 /* FirebaseInAppMessaging-Beta in Frameworks */,
				052289A82C0AFDE5009E86E9 /* FirebaseDatabaseSwift in Frameworks */,
				052289B22C0AFDE5009E86E9 /* FirebaseFunctions in Frameworks */,
				052289C82C0AFDE5009E86E9 /* FirebaseStorageCombine-Community in Frameworks */,
				052289C22C0AFDE5009E86E9 /* FirebaseRemoteConfig in Frameworks */,
				0522899E2C0AFDE5009E86E9 /* FirebaseAppDistribution-Beta in Frameworks */,
				052289A22C0AFDE5009E86E9 /* FirebaseAuthCombine-Community in Frameworks */,
				052289C02C0AFDE5009E86E9 /* FirebasePerformance in Frameworks */,
				052289B82C0AFDE5009E86E9 /* FirebaseInAppMessagingSwift-Beta in Frameworks */,
				052289C62C0AFDE5009E86E9 /* FirebaseStorage in Frameworks */,
				052289AA2C0AFDE5009E86E9 /* FirebaseDynamicLinks in Frameworks */,
				052289CA2C0AFDE5009E86E9 /* FirebaseVertexAI-Preview in Frameworks */,
				052289AE2C0AFDE5009E86E9 /* FirebaseFirestoreCombine-Community in Frameworks */,
				052289BE2C0AFDE5009E86E9 /* FirebaseMessaging in Frameworks */,
				052289BA2C0AFDE5009E86E9 /* FirebaseInstallations in Frameworks */,
			);
			runOnlyForDeploymentPostprocessing = 0;
		};
/* End PBXFrameworksBuildPhase section */

/* Begin PBXGroup section */
		05C93BBB2BDF4CCA0035FA61 = {
			isa = PBXGroup;
			children = (
				05C93BC62BDF4CCA0035FA61 /* QueueSkipper */,
				05C93BC52BDF4CCA0035FA61 /* Products */,
			);
			sourceTree = "<group>";
		};
		05C93BC52BDF4CCA0035FA61 /* Products */ = {
			isa = PBXGroup;
			children = (
				05C93BC42BDF4CCA0035FA61 /* QueueSkipper.app */,
			);
			name = Products;
			sourceTree = "<group>";
		};
		05C93BC62BDF4CCA0035FA61 /* QueueSkipper */ = {
			isa = PBXGroup;
			children = (
				052289902C0AFD86009E86E9 /* GoogleService-Info.plist */,
				05A7991E2C0DCCBE00DEFA55 /* TabViewController.swift */,
				05C93BC72BDF4CCA0035FA61 /* AppDelegate.swift */,
				05C93BC92BDF4CCA0035FA61 /* SceneDelegate.swift */,
				05E4608C2BF4D33600E0108C /* Restaurant.swift */,
				054106F52C098926001739D8 /* RestaurantController.swift */,
				0522898A2C0AEF81009E86E9 /* auth.storyboard */,
				052289CB2C0B0605009E86E9 /* LoginViewController.swift */,
				72CD1C742C103279002A7DC0 /* Location.storyboard */,
				72CD1C782C103361002A7DC0 /* LocationViewController.swift */,
				72CD1C762C103341002A7DC0 /* AvailableLocationsViewController.swift */,
				0522898C2C0AF254009E86E9 /* AuthViewController.swift */,
				05C7489A2C0835280047B4D5 /* ResponseModel.swift */,
				05C8CFB72BFB5FAF00279977 /* RestaurantDetails.xib */,
				A03CE6F22BFB92BB00803028 /* FeaturedItems.xib */,
				A03CE6F42BFB95ED00803028 /* FeaturedItemsCollectionViewCell.swift */,
				05C8CFB92BFB63F300279977 /* RestaurantDetailsCollectionViewCell.swift */,
				0522898E2C0AF902009E86E9 /* UserDataModel.swift */,
				72DBDF402C107539008B4B83 /* UserController.swift */,
				05C93BCB2BDF4CCA0035FA61 /* ViewController.swift */,
				05C93BCD2BDF4CCA0035FA61 /* Main.storyboard */,
				05AFDB8B2BF6105F00878F68 /* Restaurants.storyboard */,
				05F8D0F02C05C90600581125 /* MyCart.storyboard */,
				05F8D0F22C05C99600581125 /* MyCartViewController.swift */,
				05F8D0F62C05CAAA00581125 /* PreOrderTableViewController.swift */,
				05F8D0F42C05CA7800581125 /* MyCartTableViewCell.swift */,
				A077D1582C00A88000A94830 /* HomeBanner.xib */,
				A0D0AE532C043C1000129DEB /* HomeBannerCollectionViewCell.swift */,
				0574093A2BF72316000303B2 /* MenuViewController.swift */,
				A03CE6F62BFBA0E100803028 /* Menu.xib */,
				A03CE6F82BFBA33900803028 /* MenuCollectionViewCell.swift */,
				A077D15A2C00AB8500A94830 /* HomeViewController.swift */,
				05F8D0F82C05ECD700581125 /* NetworkUtils.swift */,
				A0D0AE592C04643B00129DEB /* RestaurantList.xib */,
				A0D0AE5B2C0465A000129DEB /* RestaurantListCollectionViewCell.swift */,
				05AFDB8D2BF6115C00878F68 /* Profile.storyboard */,
				A0D0AE572C04545D00129DEB /* HeaderCollectionReusableView.swift */,
				726507E72BFBB8BE00D579FF /* ProfileInfoTableViewCell.swift */,
				72B54F782BFB65610050DD7F /* ProfileTableViewController.swift */,
				05AFDB892BF6100A00878F68 /* MyOrders.storyboard */,
				0598D6F82BF7207C00425F46 /* MyOrders.swift */,
				0598D6F62BF71AA400425F46 /* OrdersTableViewCell.swift */,
				0598D6F22BF716CE00425F46 /* MyOrdersTableViewController.swift */,
				05AFDB872BF60FB500878F68 /* Favourites.storyboard */,
				05AFDB932BF616A700878F68 /* FavouritesViewController.swift */,
				A00E461D2C0090B800D494A3 /* Favourite.xib */,
				A0D386E92BFD0BE2002E1F1E /* FavouriteDish.swift */,
				05C93BD02BDF4CCB0035FA61 /* Assets.xcassets */,
				05C93BD52BDF4CCB0035FA61 /* Info.plist */,
				72255ACC2BFB575500CDFD89 /* QueueSkipper-Bridging-Header.h */,
			);
			path = QueueSkipper;
			sourceTree = "<group>";
		};
/* End PBXGroup section */

/* Begin PBXNativeTarget section */
		05C93BC32BDF4CCA0035FA61 /* QueueSkipper */ = {
			isa = PBXNativeTarget;
			buildConfigurationList = 05C93BD82BDF4CCB0035FA61 /* Build configuration list for PBXNativeTarget "QueueSkipper" */;
			buildPhases = (
				05C93BC02BDF4CCA0035FA61 /* Sources */,
				05C93BC12BDF4CCA0035FA61 /* Frameworks */,
				05C93BC22BDF4CCA0035FA61 /* Resources */,
			);
			buildRules = (
			);
			dependencies = (
			);
			name = QueueSkipper;
			packageProductDependencies = (
				052289932C0AFDE5009E86E9 /* FirebaseAnalytics */,
				052289952C0AFDE5009E86E9 /* FirebaseAnalyticsOnDeviceConversion */,
				052289972C0AFDE5009E86E9 /* FirebaseAnalyticsSwift */,
				052289992C0AFDE5009E86E9 /* FirebaseAnalyticsWithoutAdIdSupport */,
				0522899B2C0AFDE5009E86E9 /* FirebaseAppCheck */,
				0522899D2C0AFDE5009E86E9 /* FirebaseAppDistribution-Beta */,
				0522899F2C0AFDE5009E86E9 /* FirebaseAuth */,
				052289A12C0AFDE5009E86E9 /* FirebaseAuthCombine-Community */,
				052289A32C0AFDE5009E86E9 /* FirebaseCrashlytics */,
				052289A52C0AFDE5009E86E9 /* FirebaseDatabase */,
				052289A72C0AFDE5009E86E9 /* FirebaseDatabaseSwift */,
				052289A92C0AFDE5009E86E9 /* FirebaseDynamicLinks */,
				052289AB2C0AFDE5009E86E9 /* FirebaseFirestore */,
				052289AD2C0AFDE5009E86E9 /* FirebaseFirestoreCombine-Community */,
				052289AF2C0AFDE5009E86E9 /* FirebaseFirestoreSwift */,
				052289B12C0AFDE5009E86E9 /* FirebaseFunctions */,
				052289B32C0AFDE5009E86E9 /* FirebaseFunctionsCombine-Community */,
				052289B52C0AFDE5009E86E9 /* FirebaseInAppMessaging-Beta */,
				052289B72C0AFDE5009E86E9 /* FirebaseInAppMessagingSwift-Beta */,
				052289B92C0AFDE5009E86E9 /* FirebaseInstallations */,
				052289BB2C0AFDE5009E86E9 /* FirebaseMLModelDownloader */,
				052289BD2C0AFDE5009E86E9 /* FirebaseMessaging */,
				052289BF2C0AFDE5009E86E9 /* FirebasePerformance */,
				052289C12C0AFDE5009E86E9 /* FirebaseRemoteConfig */,
				052289C32C0AFDE5009E86E9 /* FirebaseRemoteConfigSwift */,
				052289C52C0AFDE5009E86E9 /* FirebaseStorage */,
				052289C72C0AFDE5009E86E9 /* FirebaseStorageCombine-Community */,
				052289C92C0AFDE5009E86E9 /* FirebaseVertexAI-Preview */,
			);
			productName = QueueSkipper;
			productReference = 05C93BC42BDF4CCA0035FA61 /* QueueSkipper.app */;
			productType = "com.apple.product-type.application";
		};
/* End PBXNativeTarget section */

/* Begin PBXProject section */
		05C93BBC2BDF4CCA0035FA61 /* Project object */ = {
			isa = PBXProject;
			attributes = {
				BuildIndependentTargetsInParallel = 1;
				LastSwiftUpdateCheck = 1520;
				LastUpgradeCheck = 1520;
				TargetAttributes = {
					05C93BC32BDF4CCA0035FA61 = {
						CreatedOnToolsVersion = 15.2;
						LastSwiftMigration = 1540;
					};
				};
			};
			buildConfigurationList = 05C93BBF2BDF4CCA0035FA61 /* Build configuration list for PBXProject "QueueSkipper" */;
			compatibilityVersion = "Xcode 14.0";
			developmentRegion = en;
			hasScannedForEncodings = 0;
			knownRegions = (
				en,
				Base,
			);
			mainGroup = 05C93BBB2BDF4CCA0035FA61;
			packageReferences = (
				052289922C0AFDE5009E86E9 /* XCRemoteSwiftPackageReference "firebase-ios-sdk" */,
			);
			productRefGroup = 05C93BC52BDF4CCA0035FA61 /* Products */;
			projectDirPath = "";
			projectRoot = "";
			targets = (
				05C93BC32BDF4CCA0035FA61 /* QueueSkipper */,
			);
		};
/* End PBXProject section */

/* Begin PBXResourcesBuildPhase section */
		05C93BC22BDF4CCA0035FA61 /* Resources */ = {
			isa = PBXResourcesBuildPhase;
			buildActionMask = 2147483647;
			files = (
				0522898B2C0AEF81009E86E9 /* auth.storyboard in Resources */,
				05AFDB8E2BF6115C00878F68 /* Profile.storyboard in Resources */,
				052289912C0AFD86009E86E9 /* GoogleService-Info.plist in Resources */,
				72CD1C752C103279002A7DC0 /* Location.storyboard in Resources */,
				05C93BD12BDF4CCB0035FA61 /* Assets.xcassets in Resources */,
				A077D1592C00A88000A94830 /* HomeBanner.xib in Resources */,
				A03CE6F32BFB92BB00803028 /* FeaturedItems.xib in Resources */,
				A0D0AE5A2C04643B00129DEB /* RestaurantList.xib in Resources */,
				05F8D0F12C05C90600581125 /* MyCart.storyboard in Resources */,
				05C93BCF2BDF4CCA0035FA61 /* Main.storyboard in Resources */,
				A03CE6F72BFBA0E100803028 /* Menu.xib in Resources */,
				05AFDB8C2BF6105F00878F68 /* Restaurants.storyboard in Resources */,
				05AFDB882BF60FB500878F68 /* Favourites.storyboard in Resources */,
				A00E461E2C0090B800D494A3 /* Favourite.xib in Resources */,
				05AFDB8A2BF6100A00878F68 /* MyOrders.storyboard in Resources */,
				05C8CFB82BFB5FAF00279977 /* RestaurantDetails.xib in Resources */,
			);
			runOnlyForDeploymentPostprocessing = 0;
		};
/* End PBXResourcesBuildPhase section */

/* Begin PBXSourcesBuildPhase section */
		05C93BC02BDF4CCA0035FA61 /* Sources */ = {
			isa = PBXSourcesBuildPhase;
			buildActionMask = 2147483647;
			files = (
				052289CC2C0B0605009E86E9 /* LoginViewController.swift in Sources */,
				05C93BCC2BDF4CCA0035FA61 /* ViewController.swift in Sources */,
				0574093B2BF72316000303B2 /* MenuViewController.swift in Sources */,
				05C93BC82BDF4CCA0035FA61 /* AppDelegate.swift in Sources */,
				0598D6F32BF716CE00425F46 /* MyOrdersTableViewController.swift in Sources */,
				A0D0AE542C043C1000129DEB /* HomeBannerCollectionViewCell.swift in Sources */,
				726507E82BFBB8BE00D579FF /* ProfileInfoTableViewCell.swift in Sources */,
				A077D15B2C00AB8500A94830 /* HomeViewController.swift in Sources */,
				05C93BCA2BDF4CCA0035FA61 /* SceneDelegate.swift in Sources */,
				0522898D2C0AF254009E86E9 /* AuthViewController.swift in Sources */,
				A0D0AE582C04545D00129DEB /* HeaderCollectionReusableView.swift in Sources */,
				A03CE6F52BFB95ED00803028 /* FeaturedItemsCollectionViewCell.swift in Sources */,
				05C8CFBA2BFB63F300279977 /* RestaurantDetailsCollectionViewCell.swift in Sources */,
				05AFDB942BF616A700878F68 /* FavouritesViewController.swift in Sources */,
				05F8D0F32C05C99600581125 /* MyCartViewController.swift in Sources */,
				A0D386EA2BFD0BE2002E1F1E /* FavouriteDish.swift in Sources */,
				054106F62C098926001739D8 /* RestaurantController.swift in Sources */,
				72B54F792BFB65610050DD7F /* ProfileTableViewController.swift in Sources */,
				72DBDF412C107539008B4B83 /* UserController.swift in Sources */,
				0598D6F72BF71AA400425F46 /* OrdersTableViewCell.swift in Sources */,
				05F8D0F52C05CA7800581125 /* MyCartTableViewCell.swift in Sources */,
				05E4608D2BF4D33600E0108C /* Restaurant.swift in Sources */,
				05F8D0F72C05CAAA00581125 /* PreOrderTableViewController.swift in Sources */,
				A0D0AE5C2C0465A000129DEB /* RestaurantListCollectionViewCell.swift in Sources */,
				72CD1C772C103341002A7DC0 /* AvailableLocationsViewController.swift in Sources */,
				0598D6F92BF7207C00425F46 /* MyOrders.swift in Sources */,
				05A7991F2C0DCCBE00DEFA55 /* TabViewController.swift in Sources */,
				A03CE6F92BFBA33900803028 /* MenuCollectionViewCell.swift in Sources */,
				0522898F2C0AF902009E86E9 /* UserDataModel.swift in Sources */,
				72CD1C792C103361002A7DC0 /* LocationViewController.swift in Sources */,
				05C7489B2C0835280047B4D5 /* ResponseModel.swift in Sources */,
				05F8D0F92C05ECD700581125 /* NetworkUtils.swift in Sources */,
			);
			runOnlyForDeploymentPostprocessing = 0;
		};
/* End PBXSourcesBuildPhase section */

/* Begin PBXVariantGroup section */
		05C93BCD2BDF4CCA0035FA61 /* Main.storyboard */ = {
			isa = PBXVariantGroup;
			children = (
				05C93BCE2BDF4CCA0035FA61 /* Base */,
			);
			name = Main.storyboard;
			sourceTree = "<group>";
		};
/* End PBXVariantGroup section */

/* Begin XCBuildConfiguration section */
		05C93BD62BDF4CCB0035FA61 /* Debug */ = {
			isa = XCBuildConfiguration;
			buildSettings = {
				ALWAYS_SEARCH_USER_PATHS = NO;
				ASSETCATALOG_COMPILER_GENERATE_SWIFT_ASSET_SYMBOL_EXTENSIONS = YES;
				CLANG_ANALYZER_NONNULL = YES;
				CLANG_ANALYZER_NUMBER_OBJECT_CONVERSION = YES_AGGRESSIVE;
				CLANG_CXX_LANGUAGE_STANDARD = "gnu++20";
				CLANG_ENABLE_MODULES = YES;
				CLANG_ENABLE_OBJC_ARC = YES;
				CLANG_ENABLE_OBJC_WEAK = YES;
				CLANG_WARN_BLOCK_CAPTURE_AUTORELEASING = YES;
				CLANG_WARN_BOOL_CONVERSION = YES;
				CLANG_WARN_COMMA = YES;
				CLANG_WARN_CONSTANT_CONVERSION = YES;
				CLANG_WARN_DEPRECATED_OBJC_IMPLEMENTATIONS = YES;
				CLANG_WARN_DIRECT_OBJC_ISA_USAGE = YES_ERROR;
				CLANG_WARN_DOCUMENTATION_COMMENTS = YES;
				CLANG_WARN_EMPTY_BODY = YES;
				CLANG_WARN_ENUM_CONVERSION = YES;
				CLANG_WARN_INFINITE_RECURSION = YES;
				CLANG_WARN_INT_CONVERSION = YES;
				CLANG_WARN_NON_LITERAL_NULL_CONVERSION = YES;
				CLANG_WARN_OBJC_IMPLICIT_RETAIN_SELF = YES;
				CLANG_WARN_OBJC_LITERAL_CONVERSION = YES;
				CLANG_WARN_OBJC_ROOT_CLASS = YES_ERROR;
				CLANG_WARN_QUOTED_INCLUDE_IN_FRAMEWORK_HEADER = YES;
				CLANG_WARN_RANGE_LOOP_ANALYSIS = YES;
				CLANG_WARN_STRICT_PROTOTYPES = YES;
				CLANG_WARN_SUSPICIOUS_MOVE = YES;
				CLANG_WARN_UNGUARDED_AVAILABILITY = YES_AGGRESSIVE;
				CLANG_WARN_UNREACHABLE_CODE = YES;
				CLANG_WARN__DUPLICATE_METHOD_MATCH = YES;
				COPY_PHASE_STRIP = NO;
				DEBUG_INFORMATION_FORMAT = dwarf;
				ENABLE_STRICT_OBJC_MSGSEND = YES;
				ENABLE_TESTABILITY = YES;
				ENABLE_USER_SCRIPT_SANDBOXING = YES;
				GCC_C_LANGUAGE_STANDARD = gnu17;
				GCC_DYNAMIC_NO_PIC = NO;
				GCC_NO_COMMON_BLOCKS = YES;
				GCC_OPTIMIZATION_LEVEL = 0;
				GCC_PREPROCESSOR_DEFINITIONS = (
					"DEBUG=1",
					"$(inherited)",
				);
				GCC_WARN_64_TO_32_BIT_CONVERSION = YES;
				GCC_WARN_ABOUT_RETURN_TYPE = YES_ERROR;
				GCC_WARN_UNDECLARED_SELECTOR = YES;
				GCC_WARN_UNINITIALIZED_AUTOS = YES_AGGRESSIVE;
				GCC_WARN_UNUSED_FUNCTION = YES;
				GCC_WARN_UNUSED_VARIABLE = YES;
				IPHONEOS_DEPLOYMENT_TARGET = 17.2;
				LOCALIZATION_PREFERS_STRING_CATALOGS = YES;
				MTL_ENABLE_DEBUG_INFO = INCLUDE_SOURCE;
				MTL_FAST_MATH = YES;
				ONLY_ACTIVE_ARCH = YES;
				SDKROOT = iphoneos;
				SWIFT_ACTIVE_COMPILATION_CONDITIONS = "DEBUG $(inherited)";
				SWIFT_OPTIMIZATION_LEVEL = "-Onone";
			};
			name = Debug;
		};
		05C93BD72BDF4CCB0035FA61 /* Release */ = {
			isa = XCBuildConfiguration;
			buildSettings = {
				ALWAYS_SEARCH_USER_PATHS = NO;
				ASSETCATALOG_COMPILER_GENERATE_SWIFT_ASSET_SYMBOL_EXTENSIONS = YES;
				CLANG_ANALYZER_NONNULL = YES;
				CLANG_ANALYZER_NUMBER_OBJECT_CONVERSION = YES_AGGRESSIVE;
				CLANG_CXX_LANGUAGE_STANDARD = "gnu++20";
				CLANG_ENABLE_MODULES = YES;
				CLANG_ENABLE_OBJC_ARC = YES;
				CLANG_ENABLE_OBJC_WEAK = YES;
				CLANG_WARN_BLOCK_CAPTURE_AUTORELEASING = YES;
				CLANG_WARN_BOOL_CONVERSION = YES;
				CLANG_WARN_COMMA = YES;
				CLANG_WARN_CONSTANT_CONVERSION = YES;
				CLANG_WARN_DEPRECATED_OBJC_IMPLEMENTATIONS = YES;
				CLANG_WARN_DIRECT_OBJC_ISA_USAGE = YES_ERROR;
				CLANG_WARN_DOCUMENTATION_COMMENTS = YES;
				CLANG_WARN_EMPTY_BODY = YES;
				CLANG_WARN_ENUM_CONVERSION = YES;
				CLANG_WARN_INFINITE_RECURSION = YES;
				CLANG_WARN_INT_CONVERSION = YES;
				CLANG_WARN_NON_LITERAL_NULL_CONVERSION = YES;
				CLANG_WARN_OBJC_IMPLICIT_RETAIN_SELF = YES;
				CLANG_WARN_OBJC_LITERAL_CONVERSION = YES;
				CLANG_WARN_OBJC_ROOT_CLASS = YES_ERROR;
				CLANG_WARN_QUOTED_INCLUDE_IN_FRAMEWORK_HEADER = YES;
				CLANG_WARN_RANGE_LOOP_ANALYSIS = YES;
				CLANG_WARN_STRICT_PROTOTYPES = YES;
				CLANG_WARN_SUSPICIOUS_MOVE = YES;
				CLANG_WARN_UNGUARDED_AVAILABILITY = YES_AGGRESSIVE;
				CLANG_WARN_UNREACHABLE_CODE = YES;
				CLANG_WARN__DUPLICATE_METHOD_MATCH = YES;
				COPY_PHASE_STRIP = NO;
				DEBUG_INFORMATION_FORMAT = "dwarf-with-dsym";
				ENABLE_NS_ASSERTIONS = NO;
				ENABLE_STRICT_OBJC_MSGSEND = YES;
				ENABLE_USER_SCRIPT_SANDBOXING = YES;
				GCC_C_LANGUAGE_STANDARD = gnu17;
				GCC_NO_COMMON_BLOCKS = YES;
				GCC_WARN_64_TO_32_BIT_CONVERSION = YES;
				GCC_WARN_ABOUT_RETURN_TYPE = YES_ERROR;
				GCC_WARN_UNDECLARED_SELECTOR = YES;
				GCC_WARN_UNINITIALIZED_AUTOS = YES_AGGRESSIVE;
				GCC_WARN_UNUSED_FUNCTION = YES;
				GCC_WARN_UNUSED_VARIABLE = YES;
				IPHONEOS_DEPLOYMENT_TARGET = 17.2;
				LOCALIZATION_PREFERS_STRING_CATALOGS = YES;
				MTL_ENABLE_DEBUG_INFO = NO;
				MTL_FAST_MATH = YES;
				SDKROOT = iphoneos;
				SWIFT_COMPILATION_MODE = wholemodule;
				VALIDATE_PRODUCT = YES;
			};
			name = Release;
		};
		05C93BD92BDF4CCB0035FA61 /* Debug */ = {
			isa = XCBuildConfiguration;
			buildSettings = {
				ASSETCATALOG_COMPILER_APPICON_NAME = AppIcon;
				ASSETCATALOG_COMPILER_GLOBAL_ACCENT_COLOR_NAME = AccentColor;
				ASSETCATALOG_COMPILER_INCLUDE_ALL_APPICON_ASSETS = NO;
				CLANG_ENABLE_MODULES = YES;
				CODE_SIGN_STYLE = Automatic;
				CURRENT_PROJECT_VERSION = 1;
				DEVELOPMENT_TEAM = 57D58UHB8R;
				GENERATE_INFOPLIST_FILE = YES;
				INFOPLIST_FILE = QueueSkipper/Info.plist;
				INFOPLIST_KEY_NSLocationWhenInUseUsageDescription = "Your location is required to show nearby restaurants that provide takeaway of food.";
				INFOPLIST_KEY_UIApplicationSupportsIndirectInputEvents = YES;
				INFOPLIST_KEY_UILaunchStoryboardName = LaunchScreen;
				INFOPLIST_KEY_UIMainStoryboardFile = Main;
				INFOPLIST_KEY_UISupportedInterfaceOrientations = UIInterfaceOrientationPortrait;
				INFOPLIST_KEY_UISupportedInterfaceOrientations_iPad = "UIInterfaceOrientationLandscapeLeft UIInterfaceOrientationLandscapeRight UIInterfaceOrientationPortrait UIInterfaceOrientationPortraitUpsideDown";
				IPHONEOS_DEPLOYMENT_TARGET = 17.0;
				LD_RUNPATH_SEARCH_PATHS = (
					"$(inherited)",
					"@executable_path/Frameworks",
				);
				MARKETING_VERSION = 1.0;
				PRODUCT_BUNDLE_IDENTIFIER = com.QueueSkipper;
				PRODUCT_NAME = "$(TARGET_NAME)";
				SWIFT_EMIT_LOC_STRINGS = YES;
				SWIFT_OBJC_BRIDGING_HEADER = "QueueSkipper/QueueSkipper-Bridging-Header.h";
				SWIFT_OPTIMIZATION_LEVEL = "-Onone";
				SWIFT_VERSION = 5.0;
				TARGETED_DEVICE_FAMILY = "1,2";
			};
			name = Debug;
		};
		05C93BDA2BDF4CCB0035FA61 /* Release */ = {
			isa = XCBuildConfiguration;
			buildSettings = {
				ASSETCATALOG_COMPILER_APPICON_NAME = AppIcon;
				ASSETCATALOG_COMPILER_GLOBAL_ACCENT_COLOR_NAME = AccentColor;
				ASSETCATALOG_COMPILER_INCLUDE_ALL_APPICON_ASSETS = NO;
				CLANG_ENABLE_MODULES = YES;
				CODE_SIGN_STYLE = Automatic;
				CURRENT_PROJECT_VERSION = 1;
				DEVELOPMENT_TEAM = 57D58UHB8R;
				GENERATE_INFOPLIST_FILE = YES;
				INFOPLIST_FILE = QueueSkipper/Info.plist;
				INFOPLIST_KEY_NSLocationWhenInUseUsageDescription = "Your location is required to show nearby restaurants that provide takeaway of food.";
				INFOPLIST_KEY_UIApplicationSupportsIndirectInputEvents = YES;
				INFOPLIST_KEY_UILaunchStoryboardName = LaunchScreen;
				INFOPLIST_KEY_UIMainStoryboardFile = Main;
				INFOPLIST_KEY_UISupportedInterfaceOrientations = UIInterfaceOrientationPortrait;
				INFOPLIST_KEY_UISupportedInterfaceOrientations_iPad = "UIInterfaceOrientationLandscapeLeft UIInterfaceOrientationLandscapeRight UIInterfaceOrientationPortrait UIInterfaceOrientationPortraitUpsideDown";
				IPHONEOS_DEPLOYMENT_TARGET = 17.0;
				LD_RUNPATH_SEARCH_PATHS = (
					"$(inherited)",
					"@executable_path/Frameworks",
				);
				MARKETING_VERSION = 1.0;
				PRODUCT_BUNDLE_IDENTIFIER = com.QueueSkipper;
				PRODUCT_NAME = "$(TARGET_NAME)";
				SWIFT_EMIT_LOC_STRINGS = YES;
				SWIFT_OBJC_BRIDGING_HEADER = "QueueSkipper/QueueSkipper-Bridging-Header.h";
				SWIFT_VERSION = 5.0;
				TARGETED_DEVICE_FAMILY = "1,2";
			};
			name = Release;
		};
/* End XCBuildConfiguration section */

/* Begin XCConfigurationList section */
		05C93BBF2BDF4CCA0035FA61 /* Build configuration list for PBXProject "QueueSkipper" */ = {
			isa = XCConfigurationList;
			buildConfigurations = (
				05C93BD62BDF4CCB0035FA61 /* Debug */,
				05C93BD72BDF4CCB0035FA61 /* Release */,
			);
			defaultConfigurationIsVisible = 0;
			defaultConfigurationName = Release;
		};
		05C93BD82BDF4CCB0035FA61 /* Build configuration list for PBXNativeTarget "QueueSkipper" */ = {
			isa = XCConfigurationList;
			buildConfigurations = (
				05C93BD92BDF4CCB0035FA61 /* Debug */,
				05C93BDA2BDF4CCB0035FA61 /* Release */,
			);
			defaultConfigurationIsVisible = 0;
			defaultConfigurationName = Release;
		};
/* End XCConfigurationList section */

/* Begin XCRemoteSwiftPackageReference section */
		052289922C0AFDE5009E86E9 /* XCRemoteSwiftPackageReference "firebase-ios-sdk" */ = {
			isa = XCRemoteSwiftPackageReference;
			repositoryURL = "https://github.com/firebase/firebase-ios-sdk";
			requirement = {
				kind = upToNextMajorVersion;
				minimumVersion = 10.27.0;
			};
		};
/* End XCRemoteSwiftPackageReference section */

/* Begin XCSwiftPackageProductDependency section */
		052289932C0AFDE5009E86E9 /* FirebaseAnalytics */ = {
			isa = XCSwiftPackageProductDependency;
			package = 052289922C0AFDE5009E86E9 /* XCRemoteSwiftPackageReference "firebase-ios-sdk" */;
			productName = FirebaseAnalytics;
		};
		052289952C0AFDE5009E86E9 /* FirebaseAnalyticsOnDeviceConversion */ = {
			isa = XCSwiftPackageProductDependency;
			package = 052289922C0AFDE5009E86E9 /* XCRemoteSwiftPackageReference "firebase-ios-sdk" */;
			productName = FirebaseAnalyticsOnDeviceConversion;
		};
		052289972C0AFDE5009E86E9 /* FirebaseAnalyticsSwift */ = {
			isa = XCSwiftPackageProductDependency;
			package = 052289922C0AFDE5009E86E9 /* XCRemoteSwiftPackageReference "firebase-ios-sdk" */;
			productName = FirebaseAnalyticsSwift;
		};
		052289992C0AFDE5009E86E9 /* FirebaseAnalyticsWithoutAdIdSupport */ = {
			isa = XCSwiftPackageProductDependency;
			package = 052289922C0AFDE5009E86E9 /* XCRemoteSwiftPackageReference "firebase-ios-sdk" */;
			productName = FirebaseAnalyticsWithoutAdIdSupport;
		};
		0522899B2C0AFDE5009E86E9 /* FirebaseAppCheck */ = {
			isa = XCSwiftPackageProductDependency;
			package = 052289922C0AFDE5009E86E9 /* XCRemoteSwiftPackageReference "firebase-ios-sdk" */;
			productName = FirebaseAppCheck;
		};
		0522899D2C0AFDE5009E86E9 /* FirebaseAppDistribution-Beta */ = {
			isa = XCSwiftPackageProductDependency;
			package = 052289922C0AFDE5009E86E9 /* XCRemoteSwiftPackageReference "firebase-ios-sdk" */;
			productName = "FirebaseAppDistribution-Beta";
		};
		0522899F2C0AFDE5009E86E9 /* FirebaseAuth */ = {
			isa = XCSwiftPackageProductDependency;
			package = 052289922C0AFDE5009E86E9 /* XCRemoteSwiftPackageReference "firebase-ios-sdk" */;
			productName = FirebaseAuth;
		};
		052289A12C0AFDE5009E86E9 /* FirebaseAuthCombine-Community */ = {
			isa = XCSwiftPackageProductDependency;
			package = 052289922C0AFDE5009E86E9 /* XCRemoteSwiftPackageReference "firebase-ios-sdk" */;
			productName = "FirebaseAuthCombine-Community";
		};
		052289A32C0AFDE5009E86E9 /* FirebaseCrashlytics */ = {
			isa = XCSwiftPackageProductDependency;
			package = 052289922C0AFDE5009E86E9 /* XCRemoteSwiftPackageReference "firebase-ios-sdk" */;
			productName = FirebaseCrashlytics;
		};
		052289A52C0AFDE5009E86E9 /* FirebaseDatabase */ = {
			isa = XCSwiftPackageProductDependency;
			package = 052289922C0AFDE5009E86E9 /* XCRemoteSwiftPackageReference "firebase-ios-sdk" */;
			productName = FirebaseDatabase;
		};
		052289A72C0AFDE5009E86E9 /* FirebaseDatabaseSwift */ = {
			isa = XCSwiftPackageProductDependency;
			package = 052289922C0AFDE5009E86E9 /* XCRemoteSwiftPackageReference "firebase-ios-sdk" */;
			productName = FirebaseDatabaseSwift;
		};
		052289A92C0AFDE5009E86E9 /* FirebaseDynamicLinks */ = {
			isa = XCSwiftPackageProductDependency;
			package = 052289922C0AFDE5009E86E9 /* XCRemoteSwiftPackageReference "firebase-ios-sdk" */;
			productName = FirebaseDynamicLinks;
		};
		052289AB2C0AFDE5009E86E9 /* FirebaseFirestore */ = {
			isa = XCSwiftPackageProductDependency;
			package = 052289922C0AFDE5009E86E9 /* XCRemoteSwiftPackageReference "firebase-ios-sdk" */;
			productName = FirebaseFirestore;
		};
		052289AD2C0AFDE5009E86E9 /* FirebaseFirestoreCombine-Community */ = {
			isa = XCSwiftPackageProductDependency;
			package = 052289922C0AFDE5009E86E9 /* XCRemoteSwiftPackageReference "firebase-ios-sdk" */;
			productName = "FirebaseFirestoreCombine-Community";
		};
		052289AF2C0AFDE5009E86E9 /* FirebaseFirestoreSwift */ = {
			isa = XCSwiftPackageProductDependency;
			package = 052289922C0AFDE5009E86E9 /* XCRemoteSwiftPackageReference "firebase-ios-sdk" */;
			productName = FirebaseFirestoreSwift;
		};
		052289B12C0AFDE5009E86E9 /* FirebaseFunctions */ = {
			isa = XCSwiftPackageProductDependency;
			package = 052289922C0AFDE5009E86E9 /* XCRemoteSwiftPackageReference "firebase-ios-sdk" */;
			productName = FirebaseFunctions;
		};
		052289B32C0AFDE5009E86E9 /* FirebaseFunctionsCombine-Community */ = {
			isa = XCSwiftPackageProductDependency;
			package = 052289922C0AFDE5009E86E9 /* XCRemoteSwiftPackageReference "firebase-ios-sdk" */;
			productName = "FirebaseFunctionsCombine-Community";
		};
		052289B52C0AFDE5009E86E9 /* FirebaseInAppMessaging-Beta */ = {
			isa = XCSwiftPackageProductDependency;
			package = 052289922C0AFDE5009E86E9 /* XCRemoteSwiftPackageReference "firebase-ios-sdk" */;
			productName = "FirebaseInAppMessaging-Beta";
		};
		052289B72C0AFDE5009E86E9 /* FirebaseInAppMessagingSwift-Beta */ = {
			isa = XCSwiftPackageProductDependency;
			package = 052289922C0AFDE5009E86E9 /* XCRemoteSwiftPackageReference "firebase-ios-sdk" */;
			productName = "FirebaseInAppMessagingSwift-Beta";
		};
		052289B92C0AFDE5009E86E9 /* FirebaseInstallations */ = {
			isa = XCSwiftPackageProductDependency;
			package = 052289922C0AFDE5009E86E9 /* XCRemoteSwiftPackageReference "firebase-ios-sdk" */;
			productName = FirebaseInstallations;
		};
		052289BB2C0AFDE5009E86E9 /* FirebaseMLModelDownloader */ = {
			isa = XCSwiftPackageProductDependency;
			package = 052289922C0AFDE5009E86E9 /* XCRemoteSwiftPackageReference "firebase-ios-sdk" */;
			productName = FirebaseMLModelDownloader;
		};
		052289BD2C0AFDE5009E86E9 /* FirebaseMessaging */ = {
			isa = XCSwiftPackageProductDependency;
			package = 052289922C0AFDE5009E86E9 /* XCRemoteSwiftPackageReference "firebase-ios-sdk" */;
			productName = FirebaseMessaging;
		};
		052289BF2C0AFDE5009E86E9 /* FirebasePerformance */ = {
			isa = XCSwiftPackageProductDependency;
			package = 052289922C0AFDE5009E86E9 /* XCRemoteSwiftPackageReference "firebase-ios-sdk" */;
			productName = FirebasePerformance;
		};
		052289C12C0AFDE5009E86E9 /* FirebaseRemoteConfig */ = {
			isa = XCSwiftPackageProductDependency;
			package = 052289922C0AFDE5009E86E9 /* XCRemoteSwiftPackageReference "firebase-ios-sdk" */;
			productName = FirebaseRemoteConfig;
		};
		052289C32C0AFDE5009E86E9 /* FirebaseRemoteConfigSwift */ = {
			isa = XCSwiftPackageProductDependency;
			package = 052289922C0AFDE5009E86E9 /* XCRemoteSwiftPackageReference "firebase-ios-sdk" */;
			productName = FirebaseRemoteConfigSwift;
		};
		052289C52C0AFDE5009E86E9 /* FirebaseStorage */ = {
			isa = XCSwiftPackageProductDependency;
			package = 052289922C0AFDE5009E86E9 /* XCRemoteSwiftPackageReference "firebase-ios-sdk" */;
			productName = FirebaseStorage;
		};
		052289C72C0AFDE5009E86E9 /* FirebaseStorageCombine-Community */ = {
			isa = XCSwiftPackageProductDependency;
			package = 052289922C0AFDE5009E86E9 /* XCRemoteSwiftPackageReference "firebase-ios-sdk" */;
			productName = "FirebaseStorageCombine-Community";
		};
		052289C92C0AFDE5009E86E9 /* FirebaseVertexAI-Preview */ = {
			isa = XCSwiftPackageProductDependency;
			package = 052289922C0AFDE5009E86E9 /* XCRemoteSwiftPackageReference "firebase-ios-sdk" */;
			productName = "FirebaseVertexAI-Preview";
		};
/* End XCSwiftPackageProductDependency section */
	};
	rootObject = 05C93BBC2BDF4CCA0035FA61 /* Project object */;
}
